// !$*UTF8*$!
{
	archiveVersion = 1;
	classes = {
	};
	objectVersion = 46;
	objects = {

/* Begin PBXBuildFile section */
		200405D919A63617006F88F8 /* AudioToolbox.framework in Frameworks */ = {isa = PBXBuildFile; fileRef = 200405D819A63617006F88F8 /* AudioToolbox.framework */; };
		201323A619683F70004B884D /* LINLoadingView.swift in Sources */ = {isa = PBXBuildFile; fileRef = 201323A519683F70004B884D /* LINLoadingView.swift */; };
		201F2B3D195AF1E100E0C17A /* UIColor+Extensions.swift in Sources */ = {isa = PBXBuildFile; fileRef = 201F2B3C195AF1E100E0C17A /* UIColor+Extensions.swift */; };
		2043DFD7196550F8005905B9 /* LINViewController.swift in Sources */ = {isa = PBXBuildFile; fileRef = 2043DFD6196550F8005905B9 /* LINViewController.swift */; };
		20448A821954301A00AC639A /* Lingua.xcdatamodeld in Sources */ = {isa = PBXBuildFile; fileRef = 20448A801954301A00AC639A /* Lingua.xcdatamodeld */; };
		20448A871954301A00AC639A /* Main.storyboard in Resources */ = {isa = PBXBuildFile; fileRef = 20448A851954301A00AC639A /* Main.storyboard */; };
		20448A891954301A00AC639A /* Images.xcassets in Resources */ = {isa = PBXBuildFile; fileRef = 20448A881954301A00AC639A /* Images.xcassets */; };
		20448A951954301A00AC639A /* LinguaTests.swift in Sources */ = {isa = PBXBuildFile; fileRef = 20448A941954301A00AC639A /* LinguaTests.swift */; };
		20473E201966D5C200EDF620 /* SZTextView.m in Sources */ = {isa = PBXBuildFile; fileRef = 20473E1F1966D5C200EDF620 /* SZTextView.m */; };
		20502E1419A51A690051410E /* AVFoundation.framework in Frameworks */ = {isa = PBXBuildFile; fileRef = 20502E1319A51A690051410E /* AVFoundation.framework */; };
		205A4D3219F648C100691022 /* LINAudioHelper.swift in Sources */ = {isa = PBXBuildFile; fileRef = 205A4D3119F648C100691022 /* LINAudioHelper.swift */; };
		2062686F199B5A7500E8D09E /* LINProficiency.swift in Sources */ = {isa = PBXBuildFile; fileRef = 2062686E199B5A7500E8D09E /* LINProficiency.swift */; };
		2065405E197D3B0B00E9F978 /* LINBadgeHeaderView.swift in Sources */ = {isa = PBXBuildFile; fileRef = 2065405D197D3B0B00E9F978 /* LINBadgeHeaderView.swift */; };
		207630B9195AC19800D23B2A /* UIFont+Extensions.swift in Sources */ = {isa = PBXBuildFile; fileRef = 207630B8195AC19800D23B2A /* UIFont+Extensions.swift */; };
		2078D969196C1769009BF095 /* LINUserManager.swift in Sources */ = {isa = PBXBuildFile; fileRef = 9267833919655D4500F19DB4 /* LINUserManager.swift */; };
		2078D96A196C180C009BF095 /* LINPickNativeLanguageController.swift in Sources */ = {isa = PBXBuildFile; fileRef = 2082DEF219575A55009ADF45 /* LINPickNativeLanguageController.swift */; };
		2082DEEF1957123E009ADF45 /* LINLanguagePickingHeaderView.swift in Sources */ = {isa = PBXBuildFile; fileRef = 2082DEEE1957123E009ADF45 /* LINLanguagePickingHeaderView.swift */; };
		2082DEF11957127F009ADF45 /* LINLanguagePickingHeaderView.xib in Resources */ = {isa = PBXBuildFile; fileRef = 2082DEF01957127F009ADF45 /* LINLanguagePickingHeaderView.xib */; };
		2082DEF5195762E8009ADF45 /* LINHomeController.swift in Sources */ = {isa = PBXBuildFile; fileRef = 2082DEF4195762E8009ADF45 /* LINHomeController.swift */; };
		2083827E19D04981007A1ED9 /* LINAboutMeController.swift in Sources */ = {isa = PBXBuildFile; fileRef = 2083827D19D04981007A1ED9 /* LINAboutMeController.swift */; };
		20974985196FCCC00070E8C3 /* LINLanguagePickerController.swift in Sources */ = {isa = PBXBuildFile; fileRef = 20974984196FCCC00070E8C3 /* LINLanguagePickerController.swift */; };
		20B27FB4196D3D7B003BFFB6 /* LINBadgeFlowLayout.swift in Sources */ = {isa = PBXBuildFile; fileRef = 20B27FB3196D3D7B003BFFB6 /* LINBadgeFlowLayout.swift */; };
		20B943ED19CBEE07000CDF28 /* LINEditProfileController.swift in Sources */ = {isa = PBXBuildFile; fileRef = 20B943EC19CBEE07000CDF28 /* LINEditProfileController.swift */; };
		20BF3FA91957EAAA00963B1F /* LINMyProfileController.swift in Sources */ = {isa = PBXBuildFile; fileRef = 20BF3FA81957EAAA00963B1F /* LINMyProfileController.swift */; };
		20BF3FAB1957ECA700963B1F /* LINFriendListController.swift in Sources */ = {isa = PBXBuildFile; fileRef = 20BF3FAA1957ECA700963B1F /* LINFriendListController.swift */; };
		20BF6A3D19948EF300C384BC /* LINLanguage.swift in Sources */ = {isa = PBXBuildFile; fileRef = 20BF6A3C19948EF300C384BC /* LINLanguage.swift */; };
		20BFCCEB1956E1C400A86C2E /* LINPickLearningLanguageController.swift in Sources */ = {isa = PBXBuildFile; fileRef = 20BFCCEA1956E1C400A86C2E /* LINPickLearningLanguageController.swift */; };
		20C7BB44197C491300E4D9FE /* LINIntroductionView.swift in Sources */ = {isa = PBXBuildFile; fileRef = 20C7BB43197C491300E4D9FE /* LINIntroductionView.swift */; };
		20C84ED61982683500259F81 /* LINProficiencyCell.swift in Sources */ = {isa = PBXBuildFile; fileRef = 20C84ED41982683500259F81 /* LINProficiencyCell.swift */; };
		20CDFA6E19D17B7A00EBB755 /* LINProficiencyController.swift in Sources */ = {isa = PBXBuildFile; fileRef = 20CDFA6D19D17B7A00EBB755 /* LINProficiencyController.swift */; };
		20D484A21956D350007B4E96 /* LINLoginView.swift in Sources */ = {isa = PBXBuildFile; fileRef = 20D484A01956D350007B4E96 /* LINLoginView.swift */; };
		20D484A31956D350007B4E96 /* LINLoginView.xib in Resources */ = {isa = PBXBuildFile; fileRef = 20D484A11956D350007B4E96 /* LINLoginView.xib */; };
		20D484A61956D35D007B4E96 /* LINOnboardingController.swift in Sources */ = {isa = PBXBuildFile; fileRef = 20D484A51956D35D007B4E96 /* LINOnboardingController.swift */; };
		20DC6566197BEA4F008DA659 /* LINBadgeCell.swift in Sources */ = {isa = PBXBuildFile; fileRef = 20DC6561197BEA4F008DA659 /* LINBadgeCell.swift */; };
		20DC6568197BEA4F008DA659 /* LINCountryCell.swift in Sources */ = {isa = PBXBuildFile; fileRef = 20DC6563197BEA4F008DA659 /* LINCountryCell.swift */; };
		20EE47C319A34F51000EB6A6 /* LINComposeBarView.swift in Sources */ = {isa = PBXBuildFile; fileRef = 20EE47C219A34F51000EB6A6 /* LINComposeBarView.swift */; };
		20EE47C519A35165000EB6A6 /* LINComposeBarView.xib in Resources */ = {isa = PBXBuildFile; fileRef = 20EE47C419A35165000EB6A6 /* LINComposeBarView.xib */; };
		3539D820182145359C2B8DA9 /* libPods.a in Frameworks */ = {isa = PBXBuildFile; fileRef = 81D3DA7628DD45F7938E71F3 /* libPods.a */; settings = {ATTRIBUTES = (Required, ); }; };
		92052F3F199522A900EA773B /* LINNotificationHelper.swift in Sources */ = {isa = PBXBuildFile; fileRef = 92052F3E199522A900EA773B /* LINNotificationHelper.swift */; };
		920A9C09199CAA3900940693 /* LINPhotoPreviewController.swift in Sources */ = {isa = PBXBuildFile; fileRef = 920A9C08199CAA3900940693 /* LINPhotoPreviewController.swift */; };
		9214F01219DE8FFC00F786E4 /* LINPopPresentAnimationController.swift in Sources */ = {isa = PBXBuildFile; fileRef = 9214F01019DE8FFC00F786E4 /* LINPopPresentAnimationController.swift */; };
		9214F01319DE8FFC00F786E4 /* LINShrinkDismissAnimationController.swift in Sources */ = {isa = PBXBuildFile; fileRef = 9214F01119DE8FFC00F786E4 /* LINShrinkDismissAnimationController.swift */; };
		92197BE319E683F500A6FC06 /* LINRemoteNotificationHelper.swift in Sources */ = {isa = PBXBuildFile; fileRef = 92197BE219E683F500A6FC06 /* LINRemoteNotificationHelper.swift */; };
		92197BE619E6A58500A6FC06 /* LINPusherChannel.swift in Sources */ = {isa = PBXBuildFile; fileRef = 92197BE519E6A58500A6FC06 /* LINPusherChannel.swift */; };
		9220E7BE19F6705600B103A8 /* LINDataDetectorHelper.swift in Sources */ = {isa = PBXBuildFile; fileRef = 9220E7BC19F6705600B103A8 /* LINDataDetectorHelper.swift */; };
		9220E7BF19F6705600B103A8 /* LINParsingEmoticonsTextStorage.swift in Sources */ = {isa = PBXBuildFile; fileRef = 9220E7BD19F6705600B103A8 /* LINParsingEmoticonsTextStorage.swift */; };
		9220E7C119F6707600B103A8 /* LINBubbleCell.swift in Sources */ = {isa = PBXBuildFile; fileRef = 9220E7C019F6707600B103A8 /* LINBubbleCell.swift */; };
		9222F8C019972AE6005420EC /* LINEmoticonsView.xib in Resources */ = {isa = PBXBuildFile; fileRef = 9222F8BF19972AE6005420EC /* LINEmoticonsView.xib */; };
		9222F8C219972EA6005420EC /* LINEmoticonsView.swift in Sources */ = {isa = PBXBuildFile; fileRef = 9222F8C119972EA6005420EC /* LINEmoticonsView.swift */; };
		9222F8C41997782D005420EC /* LINEmoticonCell.swift in Sources */ = {isa = PBXBuildFile; fileRef = 9222F8C31997782D005420EC /* LINEmoticonCell.swift */; };
		9231348E197E4E26003BD927 /* RobotoSlab-Bold.ttf in Resources */ = {isa = PBXBuildFile; fileRef = 9231348A197E4E26003BD927 /* RobotoSlab-Bold.ttf */; };
		9231348F197E4E26003BD927 /* RobotoSlab-Light.ttf in Resources */ = {isa = PBXBuildFile; fileRef = 9231348B197E4E26003BD927 /* RobotoSlab-Light.ttf */; };
		92313490197E4E26003BD927 /* RobotoSlab-Regular.ttf in Resources */ = {isa = PBXBuildFile; fileRef = 9231348C197E4E26003BD927 /* RobotoSlab-Regular.ttf */; };
		92313491197E4E26003BD927 /* RobotoSlab-Thin.ttf in Resources */ = {isa = PBXBuildFile; fileRef = 9231348D197E4E26003BD927 /* RobotoSlab-Thin.ttf */; };
		92313494197E4EAA003BD927 /* Quotes.txt in Resources */ = {isa = PBXBuildFile; fileRef = 92313493197E4EAA003BD927 /* Quotes.txt */; };
		92313496197E5B08003BD927 /* LINMessage.swift in Sources */ = {isa = PBXBuildFile; fileRef = 92313495197E5B08003BD927 /* LINMessage.swift */; };
		9236A69E197FD5E100210EBE /* LINResourceHelper.swift in Sources */ = {isa = PBXBuildFile; fileRef = 9236A69D197FD5E100210EBE /* LINResourceHelper.swift */; };
		9247D627199287420011FC85 /* AppDelegate.swift in Sources */ = {isa = PBXBuildFile; fileRef = 9247D626199287420011FC85 /* AppDelegate.swift */; };
		924DAF5D19F74C09003421E7 /* LINTextCheckingTypeHelper.swift in Sources */ = {isa = PBXBuildFile; fileRef = 924DAF5C19F74C09003421E7 /* LINTextCheckingTypeHelper.swift */; };
		925E002A19740C06001D75D4 /* LINChatController.swift in Sources */ = {isa = PBXBuildFile; fileRef = 925E002919740C06001D75D4 /* LINChatController.swift */; };
		9265867B19B5784E00D89288 /* NSURL+Extensions.swift in Sources */ = {isa = PBXBuildFile; fileRef = 9265867A19B5784E00D89288 /* NSURL+Extensions.swift */; };
		9265867D19B57D6400D89288 /* CGSize+Extensions.swift in Sources */ = {isa = PBXBuildFile; fileRef = 9265867C19B57D6400D89288 /* CGSize+Extensions.swift */; };
		9267DE5719E7A19400388C3F /* LINUnsentChatHelper.swift in Sources */ = {isa = PBXBuildFile; fileRef = 9267DE5619E7A19400388C3F /* LINUnsentChatHelper.swift */; };
		9268B6BE1984E4B400D526AA /* LINArrayDataSource.swift in Sources */ = {isa = PBXBuildFile; fileRef = 9268B6BD1984E4B400D526AA /* LINArrayDataSource.swift */; };
		9268B6C01984E73300D526AA /* LINNetworkClient.swift in Sources */ = {isa = PBXBuildFile; fileRef = 9268B6BF1984E73300D526AA /* LINNetworkClient.swift */; };
		9268B6C21984EFFF00D526AA /* LINAccessToken.swift in Sources */ = {isa = PBXBuildFile; fileRef = 9268B6C11984EFFF00D526AA /* LINAccessToken.swift */; };
		9268DFBB1969CEFC00C89603 /* LINUser.swift in Sources */ = {isa = PBXBuildFile; fileRef = 9268DFBA1969CEFC00C89603 /* LINUser.swift */; };
		926B2859198647380089DDAA /* LINStorageHelper.swift in Sources */ = {isa = PBXBuildFile; fileRef = 926B2858198647380089DDAA /* LINStorageHelper.swift */; };
		926D831D19AB5D9F00F1F0A7 /* String+Extensions.swift in Sources */ = {isa = PBXBuildFile; fileRef = 926D831C19AB5D9F00F1F0A7 /* String+Extensions.swift */; };
		92781D47199FBF0B00FAAFBB /* LINReply.swift in Sources */ = {isa = PBXBuildFile; fileRef = 92781D46199FBF0B00FAAFBB /* LINReply.swift */; };
		9286009519E1BA82000F5A15 /* LINRoundedCornerImageView.swift in Sources */ = {isa = PBXBuildFile; fileRef = 9286009419E1BA82000F5A15 /* LINRoundedCornerImageView.swift */; };
		92894CAF1996156D00824A3B /* LINConversation.swift in Sources */ = {isa = PBXBuildFile; fileRef = 92894CAE1996156D00824A3B /* LINConversation.swift */; };
		929824EC199B7BB300C56819 /* LINFile.swift in Sources */ = {isa = PBXBuildFile; fileRef = 929824EB199B7BB300C56819 /* LINFile.swift */; };
		92BB810619E678AD0082322A /* LINChatHistoryHelper.swift in Sources */ = {isa = PBXBuildFile; fileRef = 92BB810519E678AD0082322A /* LINChatHistoryHelper.swift */; };
		92BC4B3419A58CB40046DED6 /* Emoticons.plist in Resources */ = {isa = PBXBuildFile; fileRef = 92BC4B3319A58CB40046DED6 /* Emoticons.plist */; };
		92C2A4AC1982146500ABF826 /* LINFacebookManager.swift in Sources */ = {isa = PBXBuildFile; fileRef = 92C2A4AB1982146500ABF826 /* LINFacebookManager.swift */; };
		92CA2A4C198F9DA800367DB2 /* LINConstants.swift in Sources */ = {isa = PBXBuildFile; fileRef = 92CA2A4B198F9DA800367DB2 /* LINConstants.swift */; };
		92CA2A4E198FA05D00367DB2 /* NSDateFormatter+Extensions.swift in Sources */ = {isa = PBXBuildFile; fileRef = 92CA2A4D198FA05D00367DB2 /* NSDateFormatter+Extensions.swift */; };
		92DFBE8019ADBC620011F071 /* UIImage+Extensions.swift in Sources */ = {isa = PBXBuildFile; fileRef = 92DFBE7F19ADBC620011F071 /* UIImage+Extensions.swift */; };
		92E9456B19E3920E0035CB53 /* PTPusherEvent+Extensions.swift in Sources */ = {isa = PBXBuildFile; fileRef = 92E9456A19E3920E0035CB53 /* PTPusherEvent+Extensions.swift */; };
		92F0BF3E19933DC600608803 /* LINMessageView.xib in Resources */ = {isa = PBXBuildFile; fileRef = 92F0BF3D19933DC600608803 /* LINMessageView.xib */; };
		92F0BF401993417400608803 /* LINMessageView.swift in Sources */ = {isa = PBXBuildFile; fileRef = 92F0BF3F1993417400608803 /* LINMessageView.swift */; };
		92F0BF421993449E00608803 /* LINMessageHelper.swift in Sources */ = {isa = PBXBuildFile; fileRef = 92F0BF411993449E00608803 /* LINMessageHelper.swift */; };
		92F316801962AB75002005B9 /* LINPusherManager.swift in Sources */ = {isa = PBXBuildFile; fileRef = 92F3167F1962AB75002005B9 /* LINPusherManager.swift */; };
		973CD716199B2AD600F01EB3 /* LINConversationCell.swift in Sources */ = {isa = PBXBuildFile; fileRef = 973CD715199B2AD600F01EB3 /* LINConversationCell.swift */; };
		97A824B119A19D3200C03CC5 /* LINNetworkHelper.swift in Sources */ = {isa = PBXBuildFile; fileRef = 97A824B019A19D3200C03CC5 /* LINNetworkHelper.swift */; };
		97ACE58F19B9727400C823DB /* default.m4r in Resources */ = {isa = PBXBuildFile; fileRef = 97ACE58E19B9727400C823DB /* default.m4r */; };
		97CCA2DC19A2F3E700455D1D /* UITableView+Extensions.swift in Sources */ = {isa = PBXBuildFile; fileRef = 97CCA2DB19A2F3E700455D1D /* UITableView+Extensions.swift */; };
		97CCA2E019A32E0D00455D1D /* LINTopNavigationView.swift in Sources */ = {isa = PBXBuildFile; fileRef = 97CCA2DF19A32E0D00455D1D /* LINTopNavigationView.swift */; };
/* End PBXBuildFile section */

/* Begin PBXContainerItemProxy section */
		20448A8F1954301A00AC639A /* PBXContainerItemProxy */ = {
			isa = PBXContainerItemProxy;
			containerPortal = 20448A711954301A00AC639A /* Project object */;
			proxyType = 1;
			remoteGlobalIDString = 20448A781954301A00AC639A;
			remoteInfo = Lingua;
		};
		20B27FAD196D366A003BFFB6 /* PBXContainerItemProxy */ = {
			isa = PBXContainerItemProxy;
			containerPortal = 20448A711954301A00AC639A /* Project object */;
			proxyType = 1;
			remoteGlobalIDString = 20448A781954301A00AC639A;
			remoteInfo = Lingua;
		};
		20B27FAF196D366B003BFFB6 /* PBXContainerItemProxy */ = {
			isa = PBXContainerItemProxy;
			containerPortal = 20448A711954301A00AC639A /* Project object */;
			proxyType = 1;
			remoteGlobalIDString = 20448A781954301A00AC639A;
			remoteInfo = Lingua;
		};
		920A4DA1199B70DE00374A58 /* PBXContainerItemProxy */ = {
			isa = PBXContainerItemProxy;
			containerPortal = 20448A711954301A00AC639A /* Project object */;
			proxyType = 1;
			remoteGlobalIDString = 20448A781954301A00AC639A;
			remoteInfo = Lingua;
		};
		920A4DA3199B72BD00374A58 /* PBXContainerItemProxy */ = {
			isa = PBXContainerItemProxy;
			containerPortal = 20448A711954301A00AC639A /* Project object */;
			proxyType = 1;
			remoteGlobalIDString = 20448A781954301A00AC639A;
			remoteInfo = Lingua;
		};
		920A4DA5199B739E00374A58 /* PBXContainerItemProxy */ = {
			isa = PBXContainerItemProxy;
			containerPortal = 20448A711954301A00AC639A /* Project object */;
			proxyType = 1;
			remoteGlobalIDString = 20448A781954301A00AC639A;
			remoteInfo = Lingua;
		};
		920A4DA7199B73ED00374A58 /* PBXContainerItemProxy */ = {
			isa = PBXContainerItemProxy;
			containerPortal = 20448A711954301A00AC639A /* Project object */;
			proxyType = 1;
			remoteGlobalIDString = 20448A781954301A00AC639A;
			remoteInfo = Lingua;
		};
/* End PBXContainerItemProxy section */

/* Begin PBXFileReference section */
		200405D819A63617006F88F8 /* AudioToolbox.framework */ = {isa = PBXFileReference; lastKnownFileType = wrapper.framework; name = AudioToolbox.framework; path = System/Library/Frameworks/AudioToolbox.framework; sourceTree = SDKROOT; };
		201323A519683F70004B884D /* LINLoadingView.swift */ = {isa = PBXFileReference; fileEncoding = 4; lastKnownFileType = sourcecode.swift; path = LINLoadingView.swift; sourceTree = "<group>"; };
		201F2B3C195AF1E100E0C17A /* UIColor+Extensions.swift */ = {isa = PBXFileReference; fileEncoding = 4; lastKnownFileType = sourcecode.swift; path = "UIColor+Extensions.swift"; sourceTree = "<group>"; };
		2043DFD6196550F8005905B9 /* LINViewController.swift */ = {isa = PBXFileReference; fileEncoding = 4; lastKnownFileType = sourcecode.swift; path = LINViewController.swift; sourceTree = "<group>"; };
		20448A791954301A00AC639A /* Lingua.app */ = {isa = PBXFileReference; explicitFileType = wrapper.application; includeInIndex = 0; path = Lingua.app; sourceTree = BUILT_PRODUCTS_DIR; };
		20448A7D1954301A00AC639A /* Info.plist */ = {isa = PBXFileReference; lastKnownFileType = text.plist.xml; path = Info.plist; sourceTree = "<group>"; };
		20448A811954301A00AC639A /* Lingua.xcdatamodel */ = {isa = PBXFileReference; lastKnownFileType = wrapper.xcdatamodel; path = Lingua.xcdatamodel; sourceTree = "<group>"; };
		20448A861954301A00AC639A /* Base */ = {isa = PBXFileReference; lastKnownFileType = file.storyboard; name = Base; path = Base.lproj/Main.storyboard; sourceTree = "<group>"; };
		20448A881954301A00AC639A /* Images.xcassets */ = {isa = PBXFileReference; lastKnownFileType = folder.assetcatalog; path = Images.xcassets; sourceTree = "<group>"; };
		20448A8E1954301A00AC639A /* LinguaTests.xctest */ = {isa = PBXFileReference; explicitFileType = wrapper.cfbundle; includeInIndex = 0; path = LinguaTests.xctest; sourceTree = BUILT_PRODUCTS_DIR; };
		20448A931954301A00AC639A /* Info.plist */ = {isa = PBXFileReference; lastKnownFileType = text.plist.xml; path = Info.plist; sourceTree = "<group>"; };
		20448A941954301A00AC639A /* LinguaTests.swift */ = {isa = PBXFileReference; lastKnownFileType = sourcecode.swift; path = LinguaTests.swift; sourceTree = "<group>"; };
		20473E1E1966D5C200EDF620 /* SZTextView.h */ = {isa = PBXFileReference; fileEncoding = 4; lastKnownFileType = sourcecode.c.h; path = SZTextView.h; sourceTree = "<group>"; };
		20473E1F1966D5C200EDF620 /* SZTextView.m */ = {isa = PBXFileReference; fileEncoding = 4; lastKnownFileType = sourcecode.c.objc; path = SZTextView.m; sourceTree = "<group>"; };
		20502E1319A51A690051410E /* AVFoundation.framework */ = {isa = PBXFileReference; lastKnownFileType = wrapper.framework; name = AVFoundation.framework; path = System/Library/Frameworks/AVFoundation.framework; sourceTree = SDKROOT; };
		205A4D3119F648C100691022 /* LINAudioHelper.swift */ = {isa = PBXFileReference; fileEncoding = 4; lastKnownFileType = sourcecode.swift; path = LINAudioHelper.swift; sourceTree = "<group>"; };
		2062686E199B5A7500E8D09E /* LINProficiency.swift */ = {isa = PBXFileReference; fileEncoding = 4; lastKnownFileType = sourcecode.swift; path = LINProficiency.swift; sourceTree = "<group>"; };
		2065405D197D3B0B00E9F978 /* LINBadgeHeaderView.swift */ = {isa = PBXFileReference; fileEncoding = 4; lastKnownFileType = sourcecode.swift; path = LINBadgeHeaderView.swift; sourceTree = "<group>"; };
		207630B8195AC19800D23B2A /* UIFont+Extensions.swift */ = {isa = PBXFileReference; fileEncoding = 4; lastKnownFileType = sourcecode.swift; path = "UIFont+Extensions.swift"; sourceTree = "<group>"; };
		2082DEEE1957123E009ADF45 /* LINLanguagePickingHeaderView.swift */ = {isa = PBXFileReference; fileEncoding = 4; lastKnownFileType = sourcecode.swift; path = LINLanguagePickingHeaderView.swift; sourceTree = "<group>"; };
		2082DEF01957127F009ADF45 /* LINLanguagePickingHeaderView.xib */ = {isa = PBXFileReference; fileEncoding = 4; lastKnownFileType = file.xib; path = LINLanguagePickingHeaderView.xib; sourceTree = "<group>"; };
		2082DEF219575A55009ADF45 /* LINPickNativeLanguageController.swift */ = {isa = PBXFileReference; fileEncoding = 4; lastKnownFileType = sourcecode.swift; path = LINPickNativeLanguageController.swift; sourceTree = "<group>"; };
		2082DEF4195762E8009ADF45 /* LINHomeController.swift */ = {isa = PBXFileReference; fileEncoding = 4; lastKnownFileType = sourcecode.swift; path = LINHomeController.swift; sourceTree = "<group>"; };
		2083827D19D04981007A1ED9 /* LINAboutMeController.swift */ = {isa = PBXFileReference; fileEncoding = 4; lastKnownFileType = sourcecode.swift; path = LINAboutMeController.swift; sourceTree = "<group>"; };
		2089A57D196C01C0001E5FB7 /* Lingua-Bridging-Header.h */ = {isa = PBXFileReference; lastKnownFileType = sourcecode.c.h; path = "Lingua-Bridging-Header.h"; sourceTree = "<group>"; };
		20974984196FCCC00070E8C3 /* LINLanguagePickerController.swift */ = {isa = PBXFileReference; fileEncoding = 4; lastKnownFileType = sourcecode.swift; path = LINLanguagePickerController.swift; sourceTree = "<group>"; };
		20B27FB3196D3D7B003BFFB6 /* LINBadgeFlowLayout.swift */ = {isa = PBXFileReference; fileEncoding = 4; lastKnownFileType = sourcecode.swift; path = LINBadgeFlowLayout.swift; sourceTree = "<group>"; };
		20B943EC19CBEE07000CDF28 /* LINEditProfileController.swift */ = {isa = PBXFileReference; fileEncoding = 4; lastKnownFileType = sourcecode.swift; path = LINEditProfileController.swift; sourceTree = "<group>"; };
		20BF3FA81957EAAA00963B1F /* LINMyProfileController.swift */ = {isa = PBXFileReference; fileEncoding = 4; lastKnownFileType = sourcecode.swift; path = LINMyProfileController.swift; sourceTree = "<group>"; };
		20BF3FAA1957ECA700963B1F /* LINFriendListController.swift */ = {isa = PBXFileReference; fileEncoding = 4; lastKnownFileType = sourcecode.swift; path = LINFriendListController.swift; sourceTree = "<group>"; };
		20BF6A3C19948EF300C384BC /* LINLanguage.swift */ = {isa = PBXFileReference; fileEncoding = 4; lastKnownFileType = sourcecode.swift; path = LINLanguage.swift; sourceTree = "<group>"; };
		20BFCCEA1956E1C400A86C2E /* LINPickLearningLanguageController.swift */ = {isa = PBXFileReference; fileEncoding = 4; lastKnownFileType = sourcecode.swift; path = LINPickLearningLanguageController.swift; sourceTree = "<group>"; };
		20C7BB43197C491300E4D9FE /* LINIntroductionView.swift */ = {isa = PBXFileReference; fileEncoding = 4; lastKnownFileType = sourcecode.swift; path = LINIntroductionView.swift; sourceTree = "<group>"; };
		20C84ED41982683500259F81 /* LINProficiencyCell.swift */ = {isa = PBXFileReference; fileEncoding = 4; lastKnownFileType = sourcecode.swift; path = LINProficiencyCell.swift; sourceTree = "<group>"; };
		20CDFA6D19D17B7A00EBB755 /* LINProficiencyController.swift */ = {isa = PBXFileReference; fileEncoding = 4; lastKnownFileType = sourcecode.swift; path = LINProficiencyController.swift; sourceTree = "<group>"; };
		20D484A01956D350007B4E96 /* LINLoginView.swift */ = {isa = PBXFileReference; fileEncoding = 4; lastKnownFileType = sourcecode.swift; path = LINLoginView.swift; sourceTree = "<group>"; };
		20D484A11956D350007B4E96 /* LINLoginView.xib */ = {isa = PBXFileReference; fileEncoding = 4; lastKnownFileType = file.xib; path = LINLoginView.xib; sourceTree = "<group>"; };
		20D484A51956D35D007B4E96 /* LINOnboardingController.swift */ = {isa = PBXFileReference; fileEncoding = 4; lastKnownFileType = sourcecode.swift; path = LINOnboardingController.swift; sourceTree = "<group>"; };
		20DC6561197BEA4F008DA659 /* LINBadgeCell.swift */ = {isa = PBXFileReference; fileEncoding = 4; lastKnownFileType = sourcecode.swift; path = LINBadgeCell.swift; sourceTree = "<group>"; };
		20DC6563197BEA4F008DA659 /* LINCountryCell.swift */ = {isa = PBXFileReference; fileEncoding = 4; lastKnownFileType = sourcecode.swift; path = LINCountryCell.swift; sourceTree = "<group>"; };
		20EE47C219A34F51000EB6A6 /* LINComposeBarView.swift */ = {isa = PBXFileReference; fileEncoding = 4; lastKnownFileType = sourcecode.swift; path = LINComposeBarView.swift; sourceTree = "<group>"; };
		20EE47C419A35165000EB6A6 /* LINComposeBarView.xib */ = {isa = PBXFileReference; fileEncoding = 4; lastKnownFileType = file.xib; path = LINComposeBarView.xib; sourceTree = "<group>"; };
		2700E5ECDB33475B5024D92C /* Pods.release.xcconfig */ = {isa = PBXFileReference; includeInIndex = 1; lastKnownFileType = text.xcconfig; name = Pods.release.xcconfig; path = "Pods/Target Support Files/Pods/Pods.release.xcconfig"; sourceTree = "<group>"; };
		81D3DA7628DD45F7938E71F3 /* libPods.a */ = {isa = PBXFileReference; explicitFileType = archive.ar; includeInIndex = 0; path = libPods.a; sourceTree = BUILT_PRODUCTS_DIR; };
		92052F3E199522A900EA773B /* LINNotificationHelper.swift */ = {isa = PBXFileReference; fileEncoding = 4; lastKnownFileType = sourcecode.swift; path = LINNotificationHelper.swift; sourceTree = "<group>"; };
		920A9C08199CAA3900940693 /* LINPhotoPreviewController.swift */ = {isa = PBXFileReference; fileEncoding = 4; lastKnownFileType = sourcecode.swift; path = LINPhotoPreviewController.swift; sourceTree = "<group>"; };
		9214F01019DE8FFC00F786E4 /* LINPopPresentAnimationController.swift */ = {isa = PBXFileReference; fileEncoding = 4; lastKnownFileType = sourcecode.swift; path = LINPopPresentAnimationController.swift; sourceTree = "<group>"; };
		9214F01119DE8FFC00F786E4 /* LINShrinkDismissAnimationController.swift */ = {isa = PBXFileReference; fileEncoding = 4; lastKnownFileType = sourcecode.swift; path = LINShrinkDismissAnimationController.swift; sourceTree = "<group>"; };
		92197BE219E683F500A6FC06 /* LINRemoteNotificationHelper.swift */ = {isa = PBXFileReference; fileEncoding = 4; lastKnownFileType = sourcecode.swift; path = LINRemoteNotificationHelper.swift; sourceTree = "<group>"; };
		92197BE519E6A58500A6FC06 /* LINPusherChannel.swift */ = {isa = PBXFileReference; fileEncoding = 4; lastKnownFileType = sourcecode.swift; path = LINPusherChannel.swift; sourceTree = "<group>"; };
		9220E7BC19F6705600B103A8 /* LINDataDetectorHelper.swift */ = {isa = PBXFileReference; fileEncoding = 4; lastKnownFileType = sourcecode.swift; path = LINDataDetectorHelper.swift; sourceTree = "<group>"; };
		9220E7BD19F6705600B103A8 /* LINParsingEmoticonsTextStorage.swift */ = {isa = PBXFileReference; fileEncoding = 4; lastKnownFileType = sourcecode.swift; path = LINParsingEmoticonsTextStorage.swift; sourceTree = "<group>"; };
		9220E7C019F6707600B103A8 /* LINBubbleCell.swift */ = {isa = PBXFileReference; fileEncoding = 4; lastKnownFileType = sourcecode.swift; path = LINBubbleCell.swift; sourceTree = "<group>"; };
		9222F8BF19972AE6005420EC /* LINEmoticonsView.xib */ = {isa = PBXFileReference; fileEncoding = 4; lastKnownFileType = file.xib; path = LINEmoticonsView.xib; sourceTree = "<group>"; };
		9222F8C119972EA6005420EC /* LINEmoticonsView.swift */ = {isa = PBXFileReference; fileEncoding = 4; lastKnownFileType = sourcecode.swift; path = LINEmoticonsView.swift; sourceTree = "<group>"; };
		9222F8C31997782D005420EC /* LINEmoticonCell.swift */ = {isa = PBXFileReference; fileEncoding = 4; lastKnownFileType = sourcecode.swift; path = LINEmoticonCell.swift; sourceTree = "<group>"; };
		9231348A197E4E26003BD927 /* RobotoSlab-Bold.ttf */ = {isa = PBXFileReference; lastKnownFileType = file; path = "RobotoSlab-Bold.ttf"; sourceTree = "<group>"; };
		9231348B197E4E26003BD927 /* RobotoSlab-Light.ttf */ = {isa = PBXFileReference; lastKnownFileType = file; path = "RobotoSlab-Light.ttf"; sourceTree = "<group>"; };
		9231348C197E4E26003BD927 /* RobotoSlab-Regular.ttf */ = {isa = PBXFileReference; lastKnownFileType = file; path = "RobotoSlab-Regular.ttf"; sourceTree = "<group>"; };
		9231348D197E4E26003BD927 /* RobotoSlab-Thin.ttf */ = {isa = PBXFileReference; lastKnownFileType = file; path = "RobotoSlab-Thin.ttf"; sourceTree = "<group>"; };
		92313493197E4EAA003BD927 /* Quotes.txt */ = {isa = PBXFileReference; fileEncoding = 4; lastKnownFileType = text; path = Quotes.txt; sourceTree = "<group>"; };
		92313495197E5B08003BD927 /* LINMessage.swift */ = {isa = PBXFileReference; fileEncoding = 4; lastKnownFileType = sourcecode.swift; path = LINMessage.swift; sourceTree = "<group>"; };
		9236A69D197FD5E100210EBE /* LINResourceHelper.swift */ = {isa = PBXFileReference; fileEncoding = 4; lastKnownFileType = sourcecode.swift; path = LINResourceHelper.swift; sourceTree = "<group>"; };
		9247D626199287420011FC85 /* AppDelegate.swift */ = {isa = PBXFileReference; fileEncoding = 4; lastKnownFileType = sourcecode.swift; path = AppDelegate.swift; sourceTree = "<group>"; };
		924DAF5C19F74C09003421E7 /* LINTextCheckingTypeHelper.swift */ = {isa = PBXFileReference; fileEncoding = 4; lastKnownFileType = sourcecode.swift; path = LINTextCheckingTypeHelper.swift; sourceTree = "<group>"; };
		925E002919740C06001D75D4 /* LINChatController.swift */ = {isa = PBXFileReference; fileEncoding = 4; lastKnownFileType = sourcecode.swift; path = LINChatController.swift; sourceTree = "<group>"; };
		9265867A19B5784E00D89288 /* NSURL+Extensions.swift */ = {isa = PBXFileReference; fileEncoding = 4; lastKnownFileType = sourcecode.swift; path = "NSURL+Extensions.swift"; sourceTree = "<group>"; };
		9265867C19B57D6400D89288 /* CGSize+Extensions.swift */ = {isa = PBXFileReference; fileEncoding = 4; lastKnownFileType = sourcecode.swift; path = "CGSize+Extensions.swift"; sourceTree = "<group>"; };
		9267833919655D4500F19DB4 /* LINUserManager.swift */ = {isa = PBXFileReference; fileEncoding = 4; lastKnownFileType = sourcecode.swift; path = LINUserManager.swift; sourceTree = "<group>"; };
		9267DE5619E7A19400388C3F /* LINUnsentChatHelper.swift */ = {isa = PBXFileReference; fileEncoding = 4; lastKnownFileType = sourcecode.swift; path = LINUnsentChatHelper.swift; sourceTree = "<group>"; };
		9268B6BD1984E4B400D526AA /* LINArrayDataSource.swift */ = {isa = PBXFileReference; fileEncoding = 4; lastKnownFileType = sourcecode.swift; path = LINArrayDataSource.swift; sourceTree = "<group>"; };
		9268B6BF1984E73300D526AA /* LINNetworkClient.swift */ = {isa = PBXFileReference; fileEncoding = 4; lastKnownFileType = sourcecode.swift; path = LINNetworkClient.swift; sourceTree = "<group>"; };
		9268B6C11984EFFF00D526AA /* LINAccessToken.swift */ = {isa = PBXFileReference; fileEncoding = 4; lastKnownFileType = sourcecode.swift; path = LINAccessToken.swift; sourceTree = "<group>"; };
		9268DFBA1969CEFC00C89603 /* LINUser.swift */ = {isa = PBXFileReference; fileEncoding = 4; lastKnownFileType = sourcecode.swift; path = LINUser.swift; sourceTree = "<group>"; };
		926B2858198647380089DDAA /* LINStorageHelper.swift */ = {isa = PBXFileReference; fileEncoding = 4; lastKnownFileType = sourcecode.swift; path = LINStorageHelper.swift; sourceTree = "<group>"; };
		926D831C19AB5D9F00F1F0A7 /* String+Extensions.swift */ = {isa = PBXFileReference; fileEncoding = 4; lastKnownFileType = sourcecode.swift; path = "String+Extensions.swift"; sourceTree = "<group>"; };
		92781D46199FBF0B00FAAFBB /* LINReply.swift */ = {isa = PBXFileReference; fileEncoding = 4; lastKnownFileType = sourcecode.swift; path = LINReply.swift; sourceTree = "<group>"; };
		9286009419E1BA82000F5A15 /* LINRoundedCornerImageView.swift */ = {isa = PBXFileReference; fileEncoding = 4; lastKnownFileType = sourcecode.swift; path = LINRoundedCornerImageView.swift; sourceTree = "<group>"; };
		92894CAE1996156D00824A3B /* LINConversation.swift */ = {isa = PBXFileReference; fileEncoding = 4; lastKnownFileType = sourcecode.swift; path = LINConversation.swift; sourceTree = "<group>"; };
		929824EB199B7BB300C56819 /* LINFile.swift */ = {isa = PBXFileReference; fileEncoding = 4; lastKnownFileType = sourcecode.swift; path = LINFile.swift; sourceTree = "<group>"; };
		929C45B119C0442900FEAEF7 /* Accelerate.framework */ = {isa = PBXFileReference; lastKnownFileType = wrapper.framework; name = Accelerate.framework; path = System/Library/Frameworks/Accelerate.framework; sourceTree = SDKROOT; };
		929F38AB196C7C0F009A7E6A /* libPods-libPusher.a */ = {isa = PBXFileReference; lastKnownFileType = archive.ar; name = "libPods-libPusher.a"; path = "Pods/build/Debug-iphoneos/libPods-libPusher.a"; sourceTree = "<group>"; };
		92BB810519E678AD0082322A /* LINChatHistoryHelper.swift */ = {isa = PBXFileReference; fileEncoding = 4; lastKnownFileType = sourcecode.swift; path = LINChatHistoryHelper.swift; sourceTree = "<group>"; };
		92BC4B3319A58CB40046DED6 /* Emoticons.plist */ = {isa = PBXFileReference; fileEncoding = 4; lastKnownFileType = text.plist.xml; path = Emoticons.plist; sourceTree = "<group>"; };
		92C2A4AB1982146500ABF826 /* LINFacebookManager.swift */ = {isa = PBXFileReference; fileEncoding = 4; lastKnownFileType = sourcecode.swift; path = LINFacebookManager.swift; sourceTree = "<group>"; };
		92CA2A4B198F9DA800367DB2 /* LINConstants.swift */ = {isa = PBXFileReference; fileEncoding = 4; lastKnownFileType = sourcecode.swift; path = LINConstants.swift; sourceTree = "<group>"; };
		92CA2A4D198FA05D00367DB2 /* NSDateFormatter+Extensions.swift */ = {isa = PBXFileReference; fileEncoding = 4; lastKnownFileType = sourcecode.swift; path = "NSDateFormatter+Extensions.swift"; sourceTree = "<group>"; };
		92DFBE7F19ADBC620011F071 /* UIImage+Extensions.swift */ = {isa = PBXFileReference; fileEncoding = 4; lastKnownFileType = sourcecode.swift; path = "UIImage+Extensions.swift"; sourceTree = "<group>"; };
		92E9456A19E3920E0035CB53 /* PTPusherEvent+Extensions.swift */ = {isa = PBXFileReference; fileEncoding = 4; lastKnownFileType = sourcecode.swift; path = "PTPusherEvent+Extensions.swift"; sourceTree = "<group>"; };
		92F0BF3D19933DC600608803 /* LINMessageView.xib */ = {isa = PBXFileReference; fileEncoding = 4; lastKnownFileType = file.xib; path = LINMessageView.xib; sourceTree = "<group>"; };
		92F0BF3F1993417400608803 /* LINMessageView.swift */ = {isa = PBXFileReference; fileEncoding = 4; lastKnownFileType = sourcecode.swift; path = LINMessageView.swift; sourceTree = "<group>"; };
		92F0BF411993449E00608803 /* LINMessageHelper.swift */ = {isa = PBXFileReference; fileEncoding = 4; lastKnownFileType = sourcecode.swift; path = LINMessageHelper.swift; sourceTree = "<group>"; };
		92F3167F1962AB75002005B9 /* LINPusherManager.swift */ = {isa = PBXFileReference; fileEncoding = 4; lastKnownFileType = sourcecode.swift; path = LINPusherManager.swift; sourceTree = "<group>"; };
		973CD715199B2AD600F01EB3 /* LINConversationCell.swift */ = {isa = PBXFileReference; fileEncoding = 4; lastKnownFileType = sourcecode.swift; path = LINConversationCell.swift; sourceTree = "<group>"; };
		97A824B019A19D3200C03CC5 /* LINNetworkHelper.swift */ = {isa = PBXFileReference; fileEncoding = 4; lastKnownFileType = sourcecode.swift; path = LINNetworkHelper.swift; sourceTree = "<group>"; };
		97ACE58E19B9727400C823DB /* default.m4r */ = {isa = PBXFileReference; lastKnownFileType = file; path = default.m4r; sourceTree = "<group>"; };
		97CCA2DB19A2F3E700455D1D /* UITableView+Extensions.swift */ = {isa = PBXFileReference; fileEncoding = 4; lastKnownFileType = sourcecode.swift; path = "UITableView+Extensions.swift"; sourceTree = "<group>"; };
		97CCA2DF19A32E0D00455D1D /* LINTopNavigationView.swift */ = {isa = PBXFileReference; fileEncoding = 4; lastKnownFileType = sourcecode.swift; path = LINTopNavigationView.swift; sourceTree = "<group>"; };
		CA291BC8EE40513B02055E9F /* Pods.debug.xcconfig */ = {isa = PBXFileReference; includeInIndex = 1; lastKnownFileType = text.xcconfig; name = Pods.debug.xcconfig; path = "Pods/Target Support Files/Pods/Pods.debug.xcconfig"; sourceTree = "<group>"; };
		E5B35F1B8D924BC3AAC02042 /* libPods-Lingua.a */ = {isa = PBXFileReference; explicitFileType = archive.ar; includeInIndex = 0; path = "libPods-Lingua.a"; sourceTree = BUILT_PRODUCTS_DIR; };
/* End PBXFileReference section */

/* Begin PBXFrameworksBuildPhase section */
		20448A761954301A00AC639A /* Frameworks */ = {
			isa = PBXFrameworksBuildPhase;
			buildActionMask = 2147483647;
			files = (
				200405D919A63617006F88F8 /* AudioToolbox.framework in Frameworks */,
				20502E1419A51A690051410E /* AVFoundation.framework in Frameworks */,
				3539D820182145359C2B8DA9 /* libPods.a in Frameworks */,
			);
			runOnlyForDeploymentPostprocessing = 0;
		};
		20448A8B1954301A00AC639A /* Frameworks */ = {
			isa = PBXFrameworksBuildPhase;
			buildActionMask = 2147483647;
			files = (
			);
			runOnlyForDeploymentPostprocessing = 0;
		};
/* End PBXFrameworksBuildPhase section */

/* Begin PBXGroup section */
		2043DFD5196550D8005905B9 /* BaseClasses */ = {
			isa = PBXGroup;
			children = (
				2043DFD6196550F8005905B9 /* LINViewController.swift */,
				97CCA2DF19A32E0D00455D1D /* LINTopNavigationView.swift */,
			);
			path = BaseClasses;
			sourceTree = "<group>";
		};
		20448A701954301A00AC639A = {
			isa = PBXGroup;
			children = (
				20448A7B1954301A00AC639A /* Lingua */,
				20448A911954301A00AC639A /* LinguaTests */,
				20448A7A1954301A00AC639A /* Products */,
				CFFA1F0014D9434085221D84 /* Frameworks */,
				2FEC64142C3BB279E610DAFE /* Pods */,
			);
			sourceTree = "<group>";
		};
		20448A7A1954301A00AC639A /* Products */ = {
			isa = PBXGroup;
			children = (
				20448A791954301A00AC639A /* Lingua.app */,
				20448A8E1954301A00AC639A /* LinguaTests.xctest */,
			);
			name = Products;
			sourceTree = "<group>";
		};
		20448A7B1954301A00AC639A /* Lingua */ = {
			isa = PBXGroup;
			children = (
				9247D6251992872F0011FC85 /* App Delegate */,
				9268DFB91969CEFC00C89603 /* Models */,
				20D4849F1956D350007B4E96 /* Views */,
				20D484A41956D35D007B4E96 /* Controllers */,
				92F3167E1962AB45002005B9 /* Managers */,
				207630B7195AC17700D23B2A /* Extensions */,
				9224D47F197FB81200BE9EE4 /* Classes */,
				20D484A81956D36D007B4E96 /* Vendors */,
				92CA2A4A198F9D9000367DB2 /* Constants */,
				20D5BA3D196F31C100DD8158 /* Resources */,
				20448A881954301A00AC639A /* Images.xcassets */,
				20448A801954301A00AC639A /* Lingua.xcdatamodeld */,
				20448A7C1954301A00AC639A /* Supporting Files */,
				2089A57D196C01C0001E5FB7 /* Lingua-Bridging-Header.h */,
			);
			path = Lingua;
			sourceTree = "<group>";
		};
		20448A7C1954301A00AC639A /* Supporting Files */ = {
			isa = PBXGroup;
			children = (
				20448A851954301A00AC639A /* Main.storyboard */,
				20448A7D1954301A00AC639A /* Info.plist */,
			);
			name = "Supporting Files";
			sourceTree = "<group>";
		};
		20448A911954301A00AC639A /* LinguaTests */ = {
			isa = PBXGroup;
			children = (
				20448A941954301A00AC639A /* LinguaTests.swift */,
				20448A921954301A00AC639A /* Supporting Files */,
			);
			path = LinguaTests;
			sourceTree = "<group>";
		};
		20448A921954301A00AC639A /* Supporting Files */ = {
			isa = PBXGroup;
			children = (
				20448A931954301A00AC639A /* Info.plist */,
			);
			name = "Supporting Files";
			sourceTree = "<group>";
		};
		20473E1D1966D5C200EDF620 /* SZTextView */ = {
			isa = PBXGroup;
			children = (
				20473E1E1966D5C200EDF620 /* SZTextView.h */,
				20473E1F1966D5C200EDF620 /* SZTextView.m */,
			);
			path = SZTextView;
			sourceTree = "<group>";
		};
		2065405C197D3B0B00E9F978 /* Supplementary Views */ = {
			isa = PBXGroup;
			children = (
				2065405D197D3B0B00E9F978 /* LINBadgeHeaderView.swift */,
			);
			path = "Supplementary Views";
			sourceTree = "<group>";
		};
		207630B7195AC17700D23B2A /* Extensions */ = {
			isa = PBXGroup;
			children = (
				207630B8195AC19800D23B2A /* UIFont+Extensions.swift */,
				201F2B3C195AF1E100E0C17A /* UIColor+Extensions.swift */,
				20B27FB3196D3D7B003BFFB6 /* LINBadgeFlowLayout.swift */,
				92CA2A4D198FA05D00367DB2 /* NSDateFormatter+Extensions.swift */,
				97CCA2DB19A2F3E700455D1D /* UITableView+Extensions.swift */,
				926D831C19AB5D9F00F1F0A7 /* String+Extensions.swift */,
				92DFBE7F19ADBC620011F071 /* UIImage+Extensions.swift */,
				9265867A19B5784E00D89288 /* NSURL+Extensions.swift */,
				9265867C19B57D6400D89288 /* CGSize+Extensions.swift */,
				9286009419E1BA82000F5A15 /* LINRoundedCornerImageView.swift */,
				92E9456A19E3920E0035CB53 /* PTPusherEvent+Extensions.swift */,
			);
			path = Extensions;
			sourceTree = "<group>";
		};
		20D4849F1956D350007B4E96 /* Views */ = {
			isa = PBXGroup;
			children = (
				2065405C197D3B0B00E9F978 /* Supplementary Views */,
				20DC655E197BEA4F008DA659 /* Cells */,
				20D484A01956D350007B4E96 /* LINLoginView.swift */,
				20D484A11956D350007B4E96 /* LINLoginView.xib */,
				2082DEEE1957123E009ADF45 /* LINLanguagePickingHeaderView.swift */,
				2082DEF01957127F009ADF45 /* LINLanguagePickingHeaderView.xib */,
				201323A519683F70004B884D /* LINLoadingView.swift */,
				20C7BB43197C491300E4D9FE /* LINIntroductionView.swift */,
				92F0BF3D19933DC600608803 /* LINMessageView.xib */,
				92F0BF3F1993417400608803 /* LINMessageView.swift */,
				9222F8BF19972AE6005420EC /* LINEmoticonsView.xib */,
				9222F8C119972EA6005420EC /* LINEmoticonsView.swift */,
				20EE47C219A34F51000EB6A6 /* LINComposeBarView.swift */,
				20EE47C419A35165000EB6A6 /* LINComposeBarView.xib */,
			);
			path = Views;
			sourceTree = "<group>";
		};
		20D484A41956D35D007B4E96 /* Controllers */ = {
			isa = PBXGroup;
			children = (
				2043DFD5196550D8005905B9 /* BaseClasses */,
				20D484A51956D35D007B4E96 /* LINOnboardingController.swift */,
				20BFCCEA1956E1C400A86C2E /* LINPickLearningLanguageController.swift */,
				2082DEF219575A55009ADF45 /* LINPickNativeLanguageController.swift */,
				2082DEF4195762E8009ADF45 /* LINHomeController.swift */,
				20BF3FA81957EAAA00963B1F /* LINMyProfileController.swift */,
				20974984196FCCC00070E8C3 /* LINLanguagePickerController.swift */,
				20BF3FAA1957ECA700963B1F /* LINFriendListController.swift */,
				925E002919740C06001D75D4 /* LINChatController.swift */,
				920A9C08199CAA3900940693 /* LINPhotoPreviewController.swift */,
				20B943EC19CBEE07000CDF28 /* LINEditProfileController.swift */,
				2083827D19D04981007A1ED9 /* LINAboutMeController.swift */,
				20CDFA6D19D17B7A00EBB755 /* LINProficiencyController.swift */,
			);
			path = Controllers;
			sourceTree = "<group>";
		};
		20D484A81956D36D007B4E96 /* Vendors */ = {
			isa = PBXGroup;
			children = (
				20473E1D1966D5C200EDF620 /* SZTextView */,
			);
			path = Vendors;
			sourceTree = "<group>";
		};
		20D5BA3D196F31C100DD8158 /* Resources */ = {
			isa = PBXGroup;
			children = (
				97ACE58D19B9727400C823DB /* Sounds */,
				92313492197E4EAA003BD927 /* Files */,
				92313489197E4E26003BD927 /* Fonts */,
			);
			path = Resources;
			sourceTree = "<group>";
		};
		20DC655E197BEA4F008DA659 /* Cells */ = {
			isa = PBXGroup;
			children = (
				9220E7C019F6707600B103A8 /* LINBubbleCell.swift */,
				20DC6561197BEA4F008DA659 /* LINBadgeCell.swift */,
				20DC6563197BEA4F008DA659 /* LINCountryCell.swift */,
				20C84ED41982683500259F81 /* LINProficiencyCell.swift */,
				9222F8C31997782D005420EC /* LINEmoticonCell.swift */,
				973CD715199B2AD600F01EB3 /* LINConversationCell.swift */,
			);
			path = Cells;
			sourceTree = "<group>";
		};
		2FEC64142C3BB279E610DAFE /* Pods */ = {
			isa = PBXGroup;
			children = (
				CA291BC8EE40513B02055E9F /* Pods.debug.xcconfig */,
				2700E5ECDB33475B5024D92C /* Pods.release.xcconfig */,
			);
			name = Pods;
			sourceTree = "<group>";
		};
		9214F00F19DE8FD900F786E4 /* Animations */ = {
			isa = PBXGroup;
			children = (
				9214F01019DE8FFC00F786E4 /* LINPopPresentAnimationController.swift */,
				9214F01119DE8FFC00F786E4 /* LINShrinkDismissAnimationController.swift */,
			);
			path = Animations;
			sourceTree = "<group>";
		};
		9220E7B919F6703C00B103A8 /* Textkit */ = {
			isa = PBXGroup;
			children = (
				9220E7BD19F6705600B103A8 /* LINParsingEmoticonsTextStorage.swift */,
				9220E7BC19F6705600B103A8 /* LINDataDetectorHelper.swift */,
				924DAF5C19F74C09003421E7 /* LINTextCheckingTypeHelper.swift */,
			);
			path = Textkit;
			sourceTree = "<group>";
		};
		9224D47F197FB81200BE9EE4 /* Classes */ = {
			isa = PBXGroup;
			children = (
				9220E7B919F6703C00B103A8 /* Textkit */,
				92BB810019E648AB0082322A /* Chat */,
				9268B6BB1984E49F00D526AA /* Clients */,
				9236A69C197FD5E100210EBE /* Utils */,
				9268B6BC1984E4B400D526AA /* DataSources */,
				9214F00F19DE8FD900F786E4 /* Animations */,
			);
			path = Classes;
			sourceTree = "<group>";
		};
		92313489197E4E26003BD927 /* Fonts */ = {
			isa = PBXGroup;
			children = (
				9231348A197E4E26003BD927 /* RobotoSlab-Bold.ttf */,
				9231348B197E4E26003BD927 /* RobotoSlab-Light.ttf */,
				9231348C197E4E26003BD927 /* RobotoSlab-Regular.ttf */,
				9231348D197E4E26003BD927 /* RobotoSlab-Thin.ttf */,
			);
			path = Fonts;
			sourceTree = "<group>";
		};
		92313492197E4EAA003BD927 /* Files */ = {
			isa = PBXGroup;
			children = (
				92313493197E4EAA003BD927 /* Quotes.txt */,
				92BC4B3319A58CB40046DED6 /* Emoticons.plist */,
			);
			path = Files;
			sourceTree = "<group>";
		};
		9236A69C197FD5E100210EBE /* Utils */ = {
			isa = PBXGroup;
			children = (
				205A4D3119F648C100691022 /* LINAudioHelper.swift */,
				9236A69D197FD5E100210EBE /* LINResourceHelper.swift */,
				926B2858198647380089DDAA /* LINStorageHelper.swift */,
				92F0BF411993449E00608803 /* LINMessageHelper.swift */,
				92052F3E199522A900EA773B /* LINNotificationHelper.swift */,
				97A824B019A19D3200C03CC5 /* LINNetworkHelper.swift */,
			);
			path = Utils;
			sourceTree = "<group>";
		};
		9247D6251992872F0011FC85 /* App Delegate */ = {
			isa = PBXGroup;
			children = (
				9247D626199287420011FC85 /* AppDelegate.swift */,
			);
			path = "App Delegate";
			sourceTree = "<group>";
		};
		9268B6BB1984E49F00D526AA /* Clients */ = {
			isa = PBXGroup;
			children = (
				9268B6BF1984E73300D526AA /* LINNetworkClient.swift */,
			);
			path = Clients;
			sourceTree = "<group>";
		};
		9268B6BC1984E4B400D526AA /* DataSources */ = {
			isa = PBXGroup;
			children = (
				9268B6BD1984E4B400D526AA /* LINArrayDataSource.swift */,
			);
			path = DataSources;
			sourceTree = "<group>";
		};
		9268DFB91969CEFC00C89603 /* Models */ = {
			isa = PBXGroup;
			children = (
				9268DFBA1969CEFC00C89603 /* LINUser.swift */,
				92313495197E5B08003BD927 /* LINMessage.swift */,
				9268B6C11984EFFF00D526AA /* LINAccessToken.swift */,
				92894CAE1996156D00824A3B /* LINConversation.swift */,
				20BF6A3C19948EF300C384BC /* LINLanguage.swift */,
				2062686E199B5A7500E8D09E /* LINProficiency.swift */,
				929824EB199B7BB300C56819 /* LINFile.swift */,
				92781D46199FBF0B00FAAFBB /* LINReply.swift */,
			);
			path = Models;
			sourceTree = "<group>";
		};
		92BB810019E648AB0082322A /* Chat */ = {
			isa = PBXGroup;
			children = (
				92BB810519E678AD0082322A /* LINChatHistoryHelper.swift */,
				92197BE219E683F500A6FC06 /* LINRemoteNotificationHelper.swift */,
				92197BE519E6A58500A6FC06 /* LINPusherChannel.swift */,
				9267DE5619E7A19400388C3F /* LINUnsentChatHelper.swift */,
			);
			path = Chat;
			sourceTree = "<group>";
		};
		92CA2A4A198F9D9000367DB2 /* Constants */ = {
			isa = PBXGroup;
			children = (
				92CA2A4B198F9DA800367DB2 /* LINConstants.swift */,
			);
			path = Constants;
			sourceTree = "<group>";
		};
		92F3167E1962AB45002005B9 /* Managers */ = {
			isa = PBXGroup;
			children = (
				92F3167F1962AB75002005B9 /* LINPusherManager.swift */,
				9267833919655D4500F19DB4 /* LINUserManager.swift */,
				92C2A4AB1982146500ABF826 /* LINFacebookManager.swift */,
			);
			path = Managers;
			sourceTree = "<group>";
		};
		97ACE58D19B9727400C823DB /* Sounds */ = {
			isa = PBXGroup;
			children = (
				97ACE58E19B9727400C823DB /* default.m4r */,
			);
			path = Sounds;
			sourceTree = "<group>";
		};
		CFFA1F0014D9434085221D84 /* Frameworks */ = {
			isa = PBXGroup;
			children = (
				929C45B119C0442900FEAEF7 /* Accelerate.framework */,
				200405D819A63617006F88F8 /* AudioToolbox.framework */,
				20502E1319A51A690051410E /* AVFoundation.framework */,
				929F38AB196C7C0F009A7E6A /* libPods-libPusher.a */,
				E5B35F1B8D924BC3AAC02042 /* libPods-Lingua.a */,
				81D3DA7628DD45F7938E71F3 /* libPods.a */,
			);
			name = Frameworks;
			sourceTree = "<group>";
		};
/* End PBXGroup section */

/* Begin PBXNativeTarget section */
		20448A781954301A00AC639A /* Lingua */ = {
			isa = PBXNativeTarget;
			buildConfigurationList = 20448A981954301A00AC639A /* Build configuration list for PBXNativeTarget "Lingua" */;
			buildPhases = (
				33BE4F188CF5419981EE8062 /* Check Pods Manifest.lock */,
				20448A751954301A00AC639A /* Sources */,
				20448A761954301A00AC639A /* Frameworks */,
				20448A771954301A00AC639A /* Resources */,
				F222C8697D69443ABC3CB4E6 /* Copy Pods Resources */,
			);
			buildRules = (
			);
			dependencies = (
			);
			name = Lingua;
			productName = Lingua;
			productReference = 20448A791954301A00AC639A /* Lingua.app */;
			productType = "com.apple.product-type.application";
		};
		20448A8D1954301A00AC639A /* LinguaTests */ = {
			isa = PBXNativeTarget;
			buildConfigurationList = 20448A9B1954301A00AC639A /* Build configuration list for PBXNativeTarget "LinguaTests" */;
			buildPhases = (
				20448A8A1954301A00AC639A /* Sources */,
				20448A8B1954301A00AC639A /* Frameworks */,
				20448A8C1954301A00AC639A /* Resources */,
			);
			buildRules = (
			);
			dependencies = (
				20448A901954301A00AC639A /* PBXTargetDependency */,
				20B27FAE196D366A003BFFB6 /* PBXTargetDependency */,
				20B27FB0196D366B003BFFB6 /* PBXTargetDependency */,
				920A4DA2199B70DE00374A58 /* PBXTargetDependency */,
				920A4DA4199B72BD00374A58 /* PBXTargetDependency */,
				920A4DA6199B739E00374A58 /* PBXTargetDependency */,
				920A4DA8199B73ED00374A58 /* PBXTargetDependency */,
			);
			name = LinguaTests;
			productName = LinguaTests;
			productReference = 20448A8E1954301A00AC639A /* LinguaTests.xctest */;
			productType = "com.apple.product-type.bundle.unit-test";
		};
/* End PBXNativeTarget section */

/* Begin PBXProject section */
		20448A711954301A00AC639A /* Project object */ = {
			isa = PBXProject;
			attributes = {
				LastUpgradeCheck = 0600;
				ORGANIZATIONNAME = 2359Media;
				TargetAttributes = {
					20448A781954301A00AC639A = {
						CreatedOnToolsVersion = 6.0;
						DevelopmentTeam = 3HQ4QKMBWB;
					};
					20448A8D1954301A00AC639A = {
						CreatedOnToolsVersion = 6.0;
						DevelopmentTeam = 3HQ4QKMBWB;
						TestTargetID = 20448A781954301A00AC639A;
					};
				};
			};
			buildConfigurationList = 20448A741954301A00AC639A /* Build configuration list for PBXProject "Lingua" */;
			compatibilityVersion = "Xcode 3.2";
			developmentRegion = English;
			hasScannedForEncodings = 0;
			knownRegions = (
				en,
				Base,
			);
			mainGroup = 20448A701954301A00AC639A;
			productRefGroup = 20448A7A1954301A00AC639A /* Products */;
			projectDirPath = "";
			projectRoot = "";
			targets = (
				20448A781954301A00AC639A /* Lingua */,
				20448A8D1954301A00AC639A /* LinguaTests */,
			);
		};
/* End PBXProject section */

/* Begin PBXResourcesBuildPhase section */
		20448A771954301A00AC639A /* Resources */ = {
			isa = PBXResourcesBuildPhase;
			buildActionMask = 2147483647;
			files = (
				92313494197E4EAA003BD927 /* Quotes.txt in Resources */,
				92313490197E4E26003BD927 /* RobotoSlab-Regular.ttf in Resources */,
				92313491197E4E26003BD927 /* RobotoSlab-Thin.ttf in Resources */,
				97ACE58F19B9727400C823DB /* default.m4r in Resources */,
				20EE47C519A35165000EB6A6 /* LINComposeBarView.xib in Resources */,
				9231348F197E4E26003BD927 /* RobotoSlab-Light.ttf in Resources */,
				20448A871954301A00AC639A /* Main.storyboard in Resources */,
				9222F8C019972AE6005420EC /* LINEmoticonsView.xib in Resources */,
				9231348E197E4E26003BD927 /* RobotoSlab-Bold.ttf in Resources */,
				20448A891954301A00AC639A /* Images.xcassets in Resources */,
				2082DEF11957127F009ADF45 /* LINLanguagePickingHeaderView.xib in Resources */,
				92F0BF3E19933DC600608803 /* LINMessageView.xib in Resources */,
				92BC4B3419A58CB40046DED6 /* Emoticons.plist in Resources */,
				20D484A31956D350007B4E96 /* LINLoginView.xib in Resources */,
			);
			runOnlyForDeploymentPostprocessing = 0;
		};
		20448A8C1954301A00AC639A /* Resources */ = {
			isa = PBXResourcesBuildPhase;
			buildActionMask = 2147483647;
			files = (
			);
			runOnlyForDeploymentPostprocessing = 0;
		};
/* End PBXResourcesBuildPhase section */

/* Begin PBXShellScriptBuildPhase section */
		33BE4F188CF5419981EE8062 /* Check Pods Manifest.lock */ = {
			isa = PBXShellScriptBuildPhase;
			buildActionMask = 2147483647;
			files = (
			);
			inputPaths = (
			);
			name = "Check Pods Manifest.lock";
			outputPaths = (
			);
			runOnlyForDeploymentPostprocessing = 0;
			shellPath = /bin/sh;
			shellScript = "diff \"${PODS_ROOT}/../Podfile.lock\" \"${PODS_ROOT}/Manifest.lock\" > /dev/null\nif [[ $? != 0 ]] ; then\n    cat << EOM\nerror: The sandbox is not in sync with the Podfile.lock. Run 'pod install' or update your CocoaPods installation.\nEOM\n    exit 1\nfi\n";
			showEnvVarsInLog = 0;
		};
		F222C8697D69443ABC3CB4E6 /* Copy Pods Resources */ = {
			isa = PBXShellScriptBuildPhase;
			buildActionMask = 2147483647;
			files = (
			);
			inputPaths = (
			);
			name = "Copy Pods Resources";
			outputPaths = (
			);
			runOnlyForDeploymentPostprocessing = 0;
			shellPath = /bin/sh;
			shellScript = "\"${SRCROOT}/Pods/Target Support Files/Pods/Pods-resources.sh\"\n";
			showEnvVarsInLog = 0;
		};
/* End PBXShellScriptBuildPhase section */

/* Begin PBXSourcesBuildPhase section */
		20448A751954301A00AC639A /* Sources */ = {
			isa = PBXSourcesBuildPhase;
			buildActionMask = 2147483647;
			files = (
				97CCA2E019A32E0D00455D1D /* LINTopNavigationView.swift in Sources */,
				92197BE619E6A58500A6FC06 /* LINPusherChannel.swift in Sources */,
				201F2B3D195AF1E100E0C17A /* UIColor+Extensions.swift in Sources */,
				20C7BB44197C491300E4D9FE /* LINIntroductionView.swift in Sources */,
				920A9C09199CAA3900940693 /* LINPhotoPreviewController.swift in Sources */,
				925E002A19740C06001D75D4 /* LINChatController.swift in Sources */,
				20B943ED19CBEE07000CDF28 /* LINEditProfileController.swift in Sources */,
				92CA2A4E198FA05D00367DB2 /* NSDateFormatter+Extensions.swift in Sources */,
				92052F3F199522A900EA773B /* LINNotificationHelper.swift in Sources */,
				2083827E19D04981007A1ED9 /* LINAboutMeController.swift in Sources */,
				9214F01319DE8FFC00F786E4 /* LINShrinkDismissAnimationController.swift in Sources */,
				9220E7C119F6707600B103A8 /* LINBubbleCell.swift in Sources */,
				92F0BF421993449E00608803 /* LINMessageHelper.swift in Sources */,
				2082DEF5195762E8009ADF45 /* LINHomeController.swift in Sources */,
				92CA2A4C198F9DA800367DB2 /* LINConstants.swift in Sources */,
				20974985196FCCC00070E8C3 /* LINLanguagePickerController.swift in Sources */,
				9220E7BE19F6705600B103A8 /* LINDataDetectorHelper.swift in Sources */,
				20BFCCEB1956E1C400A86C2E /* LINPickLearningLanguageController.swift in Sources */,
				9268B6BE1984E4B400D526AA /* LINArrayDataSource.swift in Sources */,
				92197BE319E683F500A6FC06 /* LINRemoteNotificationHelper.swift in Sources */,
				926B2859198647380089DDAA /* LINStorageHelper.swift in Sources */,
				20BF3FA91957EAAA00963B1F /* LINMyProfileController.swift in Sources */,
				92F0BF401993417400608803 /* LINMessageView.swift in Sources */,
				20D484A21956D350007B4E96 /* LINLoginView.swift in Sources */,
				9236A69E197FD5E100210EBE /* LINResourceHelper.swift in Sources */,
				92C2A4AC1982146500ABF826 /* LINFacebookManager.swift in Sources */,
				2065405E197D3B0B00E9F978 /* LINBadgeHeaderView.swift in Sources */,
				9247D627199287420011FC85 /* AppDelegate.swift in Sources */,
				20B27FB4196D3D7B003BFFB6 /* LINBadgeFlowLayout.swift in Sources */,
				924DAF5D19F74C09003421E7 /* LINTextCheckingTypeHelper.swift in Sources */,
				20DC6568197BEA4F008DA659 /* LINCountryCell.swift in Sources */,
				207630B9195AC19800D23B2A /* UIFont+Extensions.swift in Sources */,
				20BF6A3D19948EF300C384BC /* LINLanguage.swift in Sources */,
				2078D96A196C180C009BF095 /* LINPickNativeLanguageController.swift in Sources */,
				926D831D19AB5D9F00F1F0A7 /* String+Extensions.swift in Sources */,
				9265867B19B5784E00D89288 /* NSURL+Extensions.swift in Sources */,
				92781D47199FBF0B00FAAFBB /* LINReply.swift in Sources */,
				2062686F199B5A7500E8D09E /* LINProficiency.swift in Sources */,
				9220E7BF19F6705600B103A8 /* LINParsingEmoticonsTextStorage.swift in Sources */,
				97CCA2DC19A2F3E700455D1D /* UITableView+Extensions.swift in Sources */,
				9214F01219DE8FFC00F786E4 /* LINPopPresentAnimationController.swift in Sources */,
				20C84ED61982683500259F81 /* LINProficiencyCell.swift in Sources */,
				2082DEEF1957123E009ADF45 /* LINLanguagePickingHeaderView.swift in Sources */,
				20448A821954301A00AC639A /* Lingua.xcdatamodeld in Sources */,
				973CD716199B2AD600F01EB3 /* LINConversationCell.swift in Sources */,
				92F316801962AB75002005B9 /* LINPusherManager.swift in Sources */,
				20BF3FAB1957ECA700963B1F /* LINFriendListController.swift in Sources */,
				20DC6566197BEA4F008DA659 /* LINBadgeCell.swift in Sources */,
				9286009519E1BA82000F5A15 /* LINRoundedCornerImageView.swift in Sources */,
				92DFBE8019ADBC620011F071 /* UIImage+Extensions.swift in Sources */,
				97A824B119A19D3200C03CC5 /* LINNetworkHelper.swift in Sources */,
				9222F8C41997782D005420EC /* LINEmoticonCell.swift in Sources */,
				20473E201966D5C200EDF620 /* SZTextView.m in Sources */,
				929824EC199B7BB300C56819 /* LINFile.swift in Sources */,
				9268B6C01984E73300D526AA /* LINNetworkClient.swift in Sources */,
				20CDFA6E19D17B7A00EBB755 /* LINProficiencyController.swift in Sources */,
				9222F8C219972EA6005420EC /* LINEmoticonsView.swift in Sources */,
				92BB810619E678AD0082322A /* LINChatHistoryHelper.swift in Sources */,
				2043DFD7196550F8005905B9 /* LINViewController.swift in Sources */,
				2078D969196C1769009BF095 /* LINUserManager.swift in Sources */,
				9268DFBB1969CEFC00C89603 /* LINUser.swift in Sources */,
				20EE47C319A34F51000EB6A6 /* LINComposeBarView.swift in Sources */,
				9265867D19B57D6400D89288 /* CGSize+Extensions.swift in Sources */,
				20D484A61956D35D007B4E96 /* LINOnboardingController.swift in Sources */,
				9267DE5719E7A19400388C3F /* LINUnsentChatHelper.swift in Sources */,
				201323A619683F70004B884D /* LINLoadingView.swift in Sources */,
				92E9456B19E3920E0035CB53 /* PTPusherEvent+Extensions.swift in Sources */,
				92313496197E5B08003BD927 /* LINMessage.swift in Sources */,
				205A4D3219F648C100691022 /* LINAudioHelper.swift in Sources */,
				92894CAF1996156D00824A3B /* LINConversation.swift in Sources */,
				9268B6C21984EFFF00D526AA /* LINAccessToken.swift in Sources */,
			);
			runOnlyForDeploymentPostprocessing = 0;
		};
		20448A8A1954301A00AC639A /* Sources */ = {
			isa = PBXSourcesBuildPhase;
			buildActionMask = 2147483647;
			files = (
				20448A951954301A00AC639A /* LinguaTests.swift in Sources */,
			);
			runOnlyForDeploymentPostprocessing = 0;
		};
/* End PBXSourcesBuildPhase section */

/* Begin PBXTargetDependency section */
		20448A901954301A00AC639A /* PBXTargetDependency */ = {
			isa = PBXTargetDependency;
			target = 20448A781954301A00AC639A /* Lingua */;
			targetProxy = 20448A8F1954301A00AC639A /* PBXContainerItemProxy */;
		};
		20B27FAE196D366A003BFFB6 /* PBXTargetDependency */ = {
			isa = PBXTargetDependency;
			target = 20448A781954301A00AC639A /* Lingua */;
			targetProxy = 20B27FAD196D366A003BFFB6 /* PBXContainerItemProxy */;
		};
		20B27FB0196D366B003BFFB6 /* PBXTargetDependency */ = {
			isa = PBXTargetDependency;
			target = 20448A781954301A00AC639A /* Lingua */;
			targetProxy = 20B27FAF196D366B003BFFB6 /* PBXContainerItemProxy */;
		};
		920A4DA2199B70DE00374A58 /* PBXTargetDependency */ = {
			isa = PBXTargetDependency;
			target = 20448A781954301A00AC639A /* Lingua */;
			targetProxy = 920A4DA1199B70DE00374A58 /* PBXContainerItemProxy */;
		};
		920A4DA4199B72BD00374A58 /* PBXTargetDependency */ = {
			isa = PBXTargetDependency;
			target = 20448A781954301A00AC639A /* Lingua */;
			targetProxy = 920A4DA3199B72BD00374A58 /* PBXContainerItemProxy */;
		};
		920A4DA6199B739E00374A58 /* PBXTargetDependency */ = {
			isa = PBXTargetDependency;
			target = 20448A781954301A00AC639A /* Lingua */;
			targetProxy = 920A4DA5199B739E00374A58 /* PBXContainerItemProxy */;
		};
		920A4DA8199B73ED00374A58 /* PBXTargetDependency */ = {
			isa = PBXTargetDependency;
			target = 20448A781954301A00AC639A /* Lingua */;
			targetProxy = 920A4DA7199B73ED00374A58 /* PBXContainerItemProxy */;
		};
/* End PBXTargetDependency section */

/* Begin PBXVariantGroup section */
		20448A851954301A00AC639A /* Main.storyboard */ = {
			isa = PBXVariantGroup;
			children = (
				20448A861954301A00AC639A /* Base */,
			);
			name = Main.storyboard;
			sourceTree = "<group>";
		};
/* End PBXVariantGroup section */

/* Begin XCBuildConfiguration section */
		20448A961954301A00AC639A /* Debug */ = {
			isa = XCBuildConfiguration;
			buildSettings = {
				ALWAYS_SEARCH_USER_PATHS = NO;
				CLANG_CXX_LANGUAGE_STANDARD = "gnu++0x";
				CLANG_CXX_LIBRARY = "libc++";
				CLANG_ENABLE_MODULES = YES;
				CLANG_ENABLE_OBJC_ARC = YES;
				CLANG_WARN_BOOL_CONVERSION = YES;
				CLANG_WARN_CONSTANT_CONVERSION = YES;
				CLANG_WARN_DIRECT_OBJC_ISA_USAGE = YES_ERROR;
				CLANG_WARN_EMPTY_BODY = YES;
				CLANG_WARN_ENUM_CONVERSION = YES;
				CLANG_WARN_INT_CONVERSION = YES;
				CLANG_WARN_OBJC_ROOT_CLASS = YES_ERROR;
				CLANG_WARN_UNREACHABLE_CODE = YES;
				CLANG_WARN__DUPLICATE_METHOD_MATCH = YES;
				CODE_SIGN_IDENTITY = "iPhone Developer: Kiet Nguyen (CG3J4YZ53P)";
				"CODE_SIGN_IDENTITY[sdk=iphoneos*]" = "iPhone Developer: Kiet Nguyen (CG3J4YZ53P)";
				COPY_PHASE_STRIP = NO;
				ENABLE_STRICT_OBJC_MSGSEND = YES;
				GCC_C_LANGUAGE_STANDARD = gnu99;
				GCC_DYNAMIC_NO_PIC = NO;
				GCC_OPTIMIZATION_LEVEL = 0;
				GCC_PREPROCESSOR_DEFINITIONS = (
					"DEBUG=1",
					"$(inherited)",
				);
				GCC_SYMBOLS_PRIVATE_EXTERN = NO;
				GCC_WARN_64_TO_32_BIT_CONVERSION = YES;
				GCC_WARN_ABOUT_RETURN_TYPE = YES_ERROR;
				GCC_WARN_UNDECLARED_SELECTOR = YES;
				GCC_WARN_UNINITIALIZED_AUTOS = YES_AGGRESSIVE;
				GCC_WARN_UNUSED_FUNCTION = YES;
				GCC_WARN_UNUSED_VARIABLE = YES;
				IPHONEOS_DEPLOYMENT_TARGET = 7.1;
				METAL_ENABLE_DEBUG_INFO = YES;
				ONLY_ACTIVE_ARCH = YES;
				PROVISIONING_PROFILE = "0B9E02D0-1552-40AE-8AE3-C59DA322ACC7";
				SDKROOT = iphoneos;
				SWIFT_OBJC_BRIDGING_HEADER = "";
				SWIFT_OPTIMIZATION_LEVEL = "-Onone";
			};
			name = Debug;
		};
		20448A971954301A00AC639A /* Release */ = {
			isa = XCBuildConfiguration;
			buildSettings = {
				ALWAYS_SEARCH_USER_PATHS = NO;
				CLANG_CXX_LANGUAGE_STANDARD = "gnu++0x";
				CLANG_CXX_LIBRARY = "libc++";
				CLANG_ENABLE_MODULES = YES;
				CLANG_ENABLE_OBJC_ARC = YES;
				CLANG_WARN_BOOL_CONVERSION = YES;
				CLANG_WARN_CONSTANT_CONVERSION = YES;
				CLANG_WARN_DIRECT_OBJC_ISA_USAGE = YES_ERROR;
				CLANG_WARN_EMPTY_BODY = YES;
				CLANG_WARN_ENUM_CONVERSION = YES;
				CLANG_WARN_INT_CONVERSION = YES;
				CLANG_WARN_OBJC_ROOT_CLASS = YES_ERROR;
				CLANG_WARN_UNREACHABLE_CODE = YES;
				CLANG_WARN__DUPLICATE_METHOD_MATCH = YES;
				CODE_SIGN_IDENTITY = "iPhone Developer: Kiet Nguyen (CG3J4YZ53P)";
				"CODE_SIGN_IDENTITY[sdk=iphoneos*]" = "iPhone Developer: Kiet Nguyen (CG3J4YZ53P)";
				COPY_PHASE_STRIP = YES;
				ENABLE_NS_ASSERTIONS = NO;
				ENABLE_STRICT_OBJC_MSGSEND = YES;
				GCC_C_LANGUAGE_STANDARD = gnu99;
				GCC_WARN_64_TO_32_BIT_CONVERSION = YES;
				GCC_WARN_ABOUT_RETURN_TYPE = YES_ERROR;
				GCC_WARN_UNDECLARED_SELECTOR = YES;
				GCC_WARN_UNINITIALIZED_AUTOS = YES_AGGRESSIVE;
				GCC_WARN_UNUSED_FUNCTION = YES;
				GCC_WARN_UNUSED_VARIABLE = YES;
				IPHONEOS_DEPLOYMENT_TARGET = 7.1;
				METAL_ENABLE_DEBUG_INFO = NO;
				PROVISIONING_PROFILE = "0B9E02D0-1552-40AE-8AE3-C59DA322ACC7";
				SDKROOT = iphoneos;
				SWIFT_OBJC_BRIDGING_HEADER = "";
				VALIDATE_PRODUCT = YES;
			};
			name = Release;
		};
		20448A991954301A00AC639A /* Debug */ = {
			isa = XCBuildConfiguration;
			baseConfigurationReference = CA291BC8EE40513B02055E9F /* Pods.debug.xcconfig */;
			buildSettings = {
				ASSETCATALOG_COMPILER_APPICON_NAME = AppIcon;
				ASSETCATALOG_COMPILER_LAUNCHIMAGE_NAME = LaunchImage;
				CODE_SIGN_IDENTITY = "iPhone Developer: Kiet Nguyen (CG3J4YZ53P)";
				"CODE_SIGN_IDENTITY[sdk=iphoneos*]" = "iPhone Developer: Kiet Nguyen (CG3J4YZ53P)";
				DEFINES_MODULE = NO;
				INFOPLIST_FILE = Lingua/Info.plist;
				IPHONEOS_DEPLOYMENT_TARGET = 7.1;
				LD_RUNPATH_SEARCH_PATHS = "$(inherited) @executable_path/Frameworks";
				LIBRARY_SEARCH_PATHS = "$(inherited)";
				PRODUCT_NAME = "$(TARGET_NAME)";
				PROVISIONING_PROFILE = "fe809874-cbdd-4c58-b19b-42b719553309";
				SWIFT_INSTALL_OBJC_HEADER = YES;
				SWIFT_OBJC_BRIDGING_HEADER = "Lingua/Lingua-Bridging-Header.h";
				TARGETED_DEVICE_FAMILY = 1;
			};
			name = Debug;
		};
		20448A9A1954301A00AC639A /* Release */ = {
			isa = XCBuildConfiguration;
			baseConfigurationReference = 2700E5ECDB33475B5024D92C /* Pods.release.xcconfig */;
			buildSettings = {
				ASSETCATALOG_COMPILER_APPICON_NAME = AppIcon;
				ASSETCATALOG_COMPILER_LAUNCHIMAGE_NAME = LaunchImage;
				CODE_SIGN_IDENTITY = "iPhone Developer: Kiet Nguyen (CG3J4YZ53P)";
				"CODE_SIGN_IDENTITY[sdk=iphoneos*]" = "iPhone Developer: Kiet Nguyen (CG3J4YZ53P)";
				DEFINES_MODULE = NO;
				INFOPLIST_FILE = Lingua/Info.plist;
				IPHONEOS_DEPLOYMENT_TARGET = 7.1;
				LD_RUNPATH_SEARCH_PATHS = "$(inherited) @executable_path/Frameworks";
				LIBRARY_SEARCH_PATHS = "$(inherited)";
				PRODUCT_NAME = "$(TARGET_NAME)";
				PROVISIONING_PROFILE = "fe809874-cbdd-4c58-b19b-42b719553309";
				SWIFT_INSTALL_OBJC_HEADER = YES;
				SWIFT_OBJC_BRIDGING_HEADER = "Lingua/Lingua-Bridging-Header.h";
				TARGETED_DEVICE_FAMILY = 1;
			};
			name = Release;
		};
		20448A9C1954301A00AC639A /* Debug */ = {
			isa = XCBuildConfiguration;
			buildSettings = {
				BUNDLE_LOADER = "$(TEST_HOST)";
				CODE_SIGN_IDENTITY = "iPhone Developer";
				"CODE_SIGN_IDENTITY[sdk=iphoneos*]" = "iPhone Developer";
				FRAMEWORK_SEARCH_PATHS = (
					"$(SDKROOT)/Developer/Library/Frameworks",
					"$(inherited)",
				);
				GCC_PREPROCESSOR_DEFINITIONS = (
					"DEBUG=1",
					"$(inherited)",
				);
				INFOPLIST_FILE = LinguaTests/Info.plist;
				LD_RUNPATH_SEARCH_PATHS = "$(inherited) @executable_path/Frameworks @loader_path/Frameworks";
				METAL_ENABLE_DEBUG_INFO = YES;
				PRODUCT_NAME = "$(TARGET_NAME)";
				PROVISIONING_PROFILE = "";
				TEST_HOST = "$(BUILT_PRODUCTS_DIR)/Lingua.app/Lingua";
			};
			name = Debug;
		};
		20448A9D1954301A00AC639A /* Release */ = {
			isa = XCBuildConfiguration;
			buildSettings = {
				BUNDLE_LOADER = "$(TEST_HOST)";
				CODE_SIGN_IDENTITY = "iPhone Developer";
				"CODE_SIGN_IDENTITY[sdk=iphoneos*]" = "iPhone Developer";
				FRAMEWORK_SEARCH_PATHS = (
					"$(SDKROOT)/Developer/Library/Frameworks",
					"$(inherited)",
				);
				INFOPLIST_FILE = LinguaTests/Info.plist;
				LD_RUNPATH_SEARCH_PATHS = "$(inherited) @executable_path/Frameworks @loader_path/Frameworks";
				METAL_ENABLE_DEBUG_INFO = NO;
				PRODUCT_NAME = "$(TARGET_NAME)";
				PROVISIONING_PROFILE = "";
				TEST_HOST = "$(BUILT_PRODUCTS_DIR)/Lingua.app/Lingua";
			};
			name = Release;
		};
/* End XCBuildConfiguration section */

/* Begin XCConfigurationList section */
		20448A741954301A00AC639A /* Build configuration list for PBXProject "Lingua" */ = {
			isa = XCConfigurationList;
			buildConfigurations = (
				20448A961954301A00AC639A /* Debug */,
				20448A971954301A00AC639A /* Release */,
			);
			defaultConfigurationIsVisible = 0;
			defaultConfigurationName = Release;
		};
		20448A981954301A00AC639A /* Build configuration list for PBXNativeTarget "Lingua" */ = {
			isa = XCConfigurationList;
			buildConfigurations = (
				20448A991954301A00AC639A /* Debug */,
				20448A9A1954301A00AC639A /* Release */,
			);
			defaultConfigurationIsVisible = 0;
			defaultConfigurationName = Release;
		};
		20448A9B1954301A00AC639A /* Build configuration list for PBXNativeTarget "LinguaTests" */ = {
			isa = XCConfigurationList;
			buildConfigurations = (
				20448A9C1954301A00AC639A /* Debug */,
				20448A9D1954301A00AC639A /* Release */,
			);
			defaultConfigurationIsVisible = 0;
			defaultConfigurationName = Release;
		};
/* End XCConfigurationList section */

/* Begin XCVersionGroup section */
		20448A801954301A00AC639A /* Lingua.xcdatamodeld */ = {
			isa = XCVersionGroup;
			children = (
				20448A811954301A00AC639A /* Lingua.xcdatamodel */,
			);
			currentVersion = 20448A811954301A00AC639A /* Lingua.xcdatamodel */;
			path = Lingua.xcdatamodeld;
			sourceTree = "<group>";
			versionGroupType = wrapper.xcdatamodel;
		};
/* End XCVersionGroup section */
	};
	rootObject = 20448A711954301A00AC639A /* Project object */;
}
