<?xml version="1.0" encoding="UTF-8"?>
<!DOCTYPE plist PUBLIC "-//Apple//DTD PLIST 1.0//EN" "http://www.apple.com/DTDs/PropertyList-1.0.dtd">
<plist version="1.0">
<dict>
	<key>archiveVersion</key>
	<string>1</string>
	<key>classes</key>
	<dict/>
	<key>objectVersion</key>
	<string>46</string>
	<key>objects</key>
	<dict>
		<key>201323A519683F70004B884D</key>
		<dict>
			<key>fileEncoding</key>
			<string>4</string>
			<key>isa</key>
			<string>PBXFileReference</string>
			<key>lastKnownFileType</key>
			<string>sourcecode.swift</string>
			<key>path</key>
			<string>LINLoadingView.swift</string>
			<key>sourceTree</key>
			<string>&lt;group&gt;</string>
		</dict>
		<key>201323A619683F70004B884D</key>
		<dict>
			<key>fileRef</key>
			<string>201323A519683F70004B884D</string>
			<key>isa</key>
			<string>PBXBuildFile</string>
		</dict>
		<key>201F2B3C195AF1E100E0C17A</key>
		<dict>
			<key>fileEncoding</key>
			<string>4</string>
			<key>isa</key>
			<string>PBXFileReference</string>
			<key>lastKnownFileType</key>
			<string>sourcecode.swift</string>
			<key>path</key>
			<string>UIColor-Extensions.swift</string>
			<key>sourceTree</key>
			<string>&lt;group&gt;</string>
		</dict>
		<key>201F2B3D195AF1E100E0C17A</key>
		<dict>
			<key>fileRef</key>
			<string>201F2B3C195AF1E100E0C17A</string>
			<key>isa</key>
			<string>PBXBuildFile</string>
		</dict>
		<key>2043DFD5196550D8005905B9</key>
		<dict>
			<key>children</key>
			<array>
				<string>2043DFD6196550F8005905B9</string>
			</array>
			<key>isa</key>
			<string>PBXGroup</string>
			<key>path</key>
			<string>BaseClasses</string>
			<key>sourceTree</key>
			<string>&lt;group&gt;</string>
		</dict>
		<key>2043DFD6196550F8005905B9</key>
		<dict>
			<key>fileEncoding</key>
			<string>4</string>
			<key>isa</key>
			<string>PBXFileReference</string>
			<key>lastKnownFileType</key>
			<string>sourcecode.swift</string>
			<key>path</key>
			<string>LINViewController.swift</string>
			<key>sourceTree</key>
			<string>&lt;group&gt;</string>
		</dict>
		<key>2043DFD7196550F8005905B9</key>
		<dict>
			<key>fileRef</key>
			<string>2043DFD6196550F8005905B9</string>
			<key>isa</key>
			<string>PBXBuildFile</string>
		</dict>
		<key>20448A701954301A00AC639A</key>
		<dict>
			<key>children</key>
			<array>
				<string>20448A7B1954301A00AC639A</string>
				<string>20448A911954301A00AC639A</string>
				<string>20448A7A1954301A00AC639A</string>
				<string>CFFA1F0014D9434085221D84</string>
				<string>C8726A87F4DA410EA300A2B5</string>
			</array>
			<key>isa</key>
			<string>PBXGroup</string>
			<key>sourceTree</key>
			<string>&lt;group&gt;</string>
		</dict>
		<key>20448A711954301A00AC639A</key>
		<dict>
			<key>attributes</key>
			<dict>
				<key>LastUpgradeCheck</key>
				<string>0600</string>
				<key>ORGANIZATIONNAME</key>
				<string>2359Media</string>
				<key>TargetAttributes</key>
				<dict>
					<key>20448A781954301A00AC639A</key>
					<dict>
						<key>CreatedOnToolsVersion</key>
						<string>6.0</string>
					</dict>
					<key>20448A8D1954301A00AC639A</key>
					<dict>
						<key>CreatedOnToolsVersion</key>
						<string>6.0</string>
						<key>TestTargetID</key>
						<string>20448A781954301A00AC639A</string>
					</dict>
				</dict>
			</dict>
			<key>buildConfigurationList</key>
			<string>20448A741954301A00AC639A</string>
			<key>compatibilityVersion</key>
			<string>Xcode 3.2</string>
			<key>developmentRegion</key>
			<string>English</string>
			<key>hasScannedForEncodings</key>
			<string>0</string>
			<key>isa</key>
			<string>PBXProject</string>
			<key>knownRegions</key>
			<array>
				<string>en</string>
				<string>Base</string>
			</array>
			<key>mainGroup</key>
			<string>20448A701954301A00AC639A</string>
			<key>productRefGroup</key>
			<string>20448A7A1954301A00AC639A</string>
			<key>projectDirPath</key>
			<string></string>
			<key>projectReferences</key>
			<array/>
			<key>projectRoot</key>
			<string></string>
			<key>targets</key>
			<array>
				<string>20448A781954301A00AC639A</string>
				<string>20448A8D1954301A00AC639A</string>
			</array>
		</dict>
		<key>20448A741954301A00AC639A</key>
		<dict>
			<key>buildConfigurations</key>
			<array>
				<string>20448A961954301A00AC639A</string>
				<string>20448A971954301A00AC639A</string>
			</array>
			<key>defaultConfigurationIsVisible</key>
			<string>0</string>
			<key>defaultConfigurationName</key>
			<string>Release</string>
			<key>isa</key>
			<string>XCConfigurationList</string>
		</dict>
		<key>20448A751954301A00AC639A</key>
		<dict>
			<key>buildActionMask</key>
			<string>2147483647</string>
			<key>files</key>
			<array>
				<string>9267833E196561D800F19DB4</string>
				<string>201F2B3D195AF1E100E0C17A</string>
				<string>2082DEF5195762E8009ADF45</string>
				<string>20BFCCEB1956E1C400A86C2E</string>
				<string>20BF3FA91957EAAA00963B1F</string>
				<string>20D484A21956D350007B4E96</string>
				<string>207630B9195AC19800D23B2A</string>
				<string>20448A7F1954301A00AC639A</string>
				<string>2078D96A196C180C009BF095</string>
				<string>2082DEEF1957123E009ADF45</string>
				<string>20448A821954301A00AC639A</string>
				<string>92F316801962AB75002005B9</string>
				<string>20BF3FAB1957ECA700963B1F</string>
				<string>20473E201966D5C200EDF620</string>
				<string>2043DFD7196550F8005905B9</string>
				<string>2078D969196C1769009BF095</string>
				<string>9268DFBB1969CEFC00C89603</string>
				<string>20D484A61956D35D007B4E96</string>
				<string>201323A619683F70004B884D</string>
			</array>
			<key>isa</key>
			<string>PBXSourcesBuildPhase</string>
			<key>runOnlyForDeploymentPostprocessing</key>
			<string>0</string>
		</dict>
		<key>20448A761954301A00AC639A</key>
		<dict>
			<key>buildActionMask</key>
			<string>2147483647</string>
			<key>files</key>
			<array>
				<string>3539D820182145359C2B8DA9</string>
			</array>
			<key>isa</key>
			<string>PBXFrameworksBuildPhase</string>
			<key>runOnlyForDeploymentPostprocessing</key>
			<string>0</string>
		</dict>
		<key>20448A771954301A00AC639A</key>
		<dict>
			<key>buildActionMask</key>
			<string>2147483647</string>
			<key>files</key>
			<array>
				<string>207630B5195ABFA600D23B2A</string>
				<string>20448A871954301A00AC639A</string>
				<string>207630B3195ABFA600D23B2A</string>
				<string>207630B4195ABFA600D23B2A</string>
				<string>20448A891954301A00AC639A</string>
				<string>2082DEF11957127F009ADF45</string>
				<string>207630B6195ABFA600D23B2A</string>
				<string>20D484A31956D350007B4E96</string>
			</array>
			<key>isa</key>
			<string>PBXResourcesBuildPhase</string>
			<key>runOnlyForDeploymentPostprocessing</key>
			<string>0</string>
		</dict>
		<key>20448A781954301A00AC639A</key>
		<dict>
			<key>buildConfigurationList</key>
			<string>20448A981954301A00AC639A</string>
			<key>buildPhases</key>
			<array>
				<string>33BE4F188CF5419981EE8062</string>
				<string>20448A751954301A00AC639A</string>
				<string>20448A761954301A00AC639A</string>
				<string>20448A771954301A00AC639A</string>
				<string>F222C8697D69443ABC3CB4E6</string>
			</array>
			<key>buildRules</key>
			<array/>
			<key>dependencies</key>
			<array/>
			<key>isa</key>
			<string>PBXNativeTarget</string>
			<key>name</key>
			<string>Lingua</string>
			<key>productName</key>
			<string>Lingua</string>
			<key>productReference</key>
			<string>20448A791954301A00AC639A</string>
			<key>productType</key>
			<string>com.apple.product-type.application</string>
		</dict>
		<key>20448A791954301A00AC639A</key>
		<dict>
			<key>explicitFileType</key>
			<string>wrapper.application</string>
			<key>includeInIndex</key>
			<string>0</string>
			<key>isa</key>
			<string>PBXFileReference</string>
			<key>path</key>
			<string>Lingua.app</string>
			<key>sourceTree</key>
			<string>BUILT_PRODUCTS_DIR</string>
		</dict>
		<key>20448A7A1954301A00AC639A</key>
		<dict>
			<key>children</key>
			<array>
				<string>20448A791954301A00AC639A</string>
				<string>20448A8E1954301A00AC639A</string>
			</array>
			<key>isa</key>
			<string>PBXGroup</string>
			<key>name</key>
			<string>Products</string>
			<key>sourceTree</key>
			<string>&lt;group&gt;</string>
		</dict>
		<key>20448A7B1954301A00AC639A</key>
		<dict>
			<key>children</key>
			<array>
				<string>207630B7195AC17700D23B2A</string>
				<string>207630AE195ABE8400D23B2A</string>
				<string>9268DFB91969CEFC00C89603</string>
				<string>20D484A81956D36D007B4E96</string>
				<string>20D484A41956D35D007B4E96</string>
				<string>20D4849F1956D350007B4E96</string>
				<string>92F3167E1962AB45002005B9</string>
				<string>20448A881954301A00AC639A</string>
				<string>20448A801954301A00AC639A</string>
				<string>20448A7C1954301A00AC639A</string>
				<string>2089A57D196C01C0001E5FB7</string>
			</array>
			<key>isa</key>
			<string>PBXGroup</string>
			<key>path</key>
			<string>Lingua</string>
			<key>sourceTree</key>
			<string>&lt;group&gt;</string>
		</dict>
		<key>20448A7C1954301A00AC639A</key>
		<dict>
			<key>children</key>
			<array>
				<string>20448A7E1954301A00AC639A</string>
				<string>20448A851954301A00AC639A</string>
				<string>20448A7D1954301A00AC639A</string>
			</array>
			<key>isa</key>
			<string>PBXGroup</string>
			<key>name</key>
			<string>Supporting Files</string>
			<key>sourceTree</key>
			<string>&lt;group&gt;</string>
		</dict>
		<key>20448A7D1954301A00AC639A</key>
		<dict>
			<key>isa</key>
			<string>PBXFileReference</string>
			<key>lastKnownFileType</key>
			<string>text.plist.xml</string>
			<key>path</key>
			<string>Info.plist</string>
			<key>sourceTree</key>
			<string>&lt;group&gt;</string>
		</dict>
		<key>20448A7E1954301A00AC639A</key>
		<dict>
			<key>isa</key>
			<string>PBXFileReference</string>
			<key>lastKnownFileType</key>
			<string>sourcecode.swift</string>
			<key>path</key>
			<string>AppDelegate.swift</string>
			<key>sourceTree</key>
			<string>&lt;group&gt;</string>
		</dict>
		<key>20448A7F1954301A00AC639A</key>
		<dict>
			<key>fileRef</key>
			<string>20448A7E1954301A00AC639A</string>
			<key>isa</key>
			<string>PBXBuildFile</string>
		</dict>
		<key>20448A801954301A00AC639A</key>
		<dict>
			<key>children</key>
			<array>
				<string>20448A811954301A00AC639A</string>
			</array>
			<key>currentVersion</key>
			<string>20448A811954301A00AC639A</string>
			<key>isa</key>
			<string>XCVersionGroup</string>
			<key>path</key>
			<string>Lingua.xcdatamodeld</string>
			<key>sourceTree</key>
			<string>&lt;group&gt;</string>
			<key>versionGroupType</key>
			<string>wrapper.xcdatamodel</string>
		</dict>
		<key>20448A811954301A00AC639A</key>
		<dict>
			<key>isa</key>
			<string>PBXFileReference</string>
			<key>lastKnownFileType</key>
			<string>wrapper.xcdatamodel</string>
			<key>path</key>
			<string>Lingua.xcdatamodel</string>
			<key>sourceTree</key>
			<string>&lt;group&gt;</string>
		</dict>
		<key>20448A821954301A00AC639A</key>
		<dict>
			<key>fileRef</key>
			<string>20448A801954301A00AC639A</string>
			<key>isa</key>
			<string>PBXBuildFile</string>
		</dict>
		<key>20448A851954301A00AC639A</key>
		<dict>
			<key>children</key>
			<array>
				<string>20448A861954301A00AC639A</string>
			</array>
			<key>isa</key>
			<string>PBXVariantGroup</string>
			<key>name</key>
			<string>Main.storyboard</string>
			<key>sourceTree</key>
			<string>&lt;group&gt;</string>
		</dict>
		<key>20448A861954301A00AC639A</key>
		<dict>
			<key>isa</key>
			<string>PBXFileReference</string>
			<key>lastKnownFileType</key>
			<string>file.storyboard</string>
			<key>name</key>
			<string>Base</string>
			<key>path</key>
			<string>Base.lproj/Main.storyboard</string>
			<key>sourceTree</key>
			<string>&lt;group&gt;</string>
		</dict>
		<key>20448A871954301A00AC639A</key>
		<dict>
			<key>fileRef</key>
			<string>20448A851954301A00AC639A</string>
			<key>isa</key>
			<string>PBXBuildFile</string>
		</dict>
		<key>20448A881954301A00AC639A</key>
		<dict>
			<key>isa</key>
			<string>PBXFileReference</string>
			<key>lastKnownFileType</key>
			<string>folder.assetcatalog</string>
			<key>path</key>
			<string>Images.xcassets</string>
			<key>sourceTree</key>
			<string>&lt;group&gt;</string>
		</dict>
		<key>20448A891954301A00AC639A</key>
		<dict>
			<key>fileRef</key>
			<string>20448A881954301A00AC639A</string>
			<key>isa</key>
			<string>PBXBuildFile</string>
		</dict>
		<key>20448A8A1954301A00AC639A</key>
		<dict>
			<key>buildActionMask</key>
			<string>2147483647</string>
			<key>files</key>
			<array>
				<string>20448A951954301A00AC639A</string>
			</array>
			<key>isa</key>
			<string>PBXSourcesBuildPhase</string>
			<key>runOnlyForDeploymentPostprocessing</key>
			<string>0</string>
		</dict>
		<key>20448A8B1954301A00AC639A</key>
		<dict>
			<key>buildActionMask</key>
			<string>2147483647</string>
			<key>files</key>
			<array/>
			<key>isa</key>
			<string>PBXFrameworksBuildPhase</string>
			<key>runOnlyForDeploymentPostprocessing</key>
			<string>0</string>
		</dict>
		<key>20448A8C1954301A00AC639A</key>
		<dict>
			<key>buildActionMask</key>
			<string>2147483647</string>
			<key>files</key>
			<array/>
			<key>isa</key>
			<string>PBXResourcesBuildPhase</string>
			<key>runOnlyForDeploymentPostprocessing</key>
			<string>0</string>
		</dict>
		<key>20448A8D1954301A00AC639A</key>
		<dict>
			<key>buildConfigurationList</key>
			<string>20448A9B1954301A00AC639A</string>
			<key>buildPhases</key>
			<array>
				<string>20448A8A1954301A00AC639A</string>
				<string>20448A8B1954301A00AC639A</string>
				<string>20448A8C1954301A00AC639A</string>
			</array>
			<key>buildRules</key>
			<array/>
			<key>dependencies</key>
			<array>
				<string>20448A901954301A00AC639A</string>
			</array>
			<key>isa</key>
			<string>PBXNativeTarget</string>
			<key>name</key>
			<string>LinguaTests</string>
			<key>productName</key>
			<string>LinguaTests</string>
			<key>productReference</key>
			<string>20448A8E1954301A00AC639A</string>
			<key>productType</key>
			<string>com.apple.product-type.bundle.unit-test</string>
		</dict>
		<key>20448A8E1954301A00AC639A</key>
		<dict>
			<key>explicitFileType</key>
			<string>wrapper.cfbundle</string>
			<key>includeInIndex</key>
			<string>0</string>
			<key>isa</key>
			<string>PBXFileReference</string>
			<key>path</key>
			<string>LinguaTests.xctest</string>
			<key>sourceTree</key>
			<string>BUILT_PRODUCTS_DIR</string>
		</dict>
		<key>20448A8F1954301A00AC639A</key>
		<dict>
			<key>containerPortal</key>
			<string>20448A711954301A00AC639A</string>
			<key>isa</key>
			<string>PBXContainerItemProxy</string>
			<key>proxyType</key>
			<string>1</string>
			<key>remoteGlobalIDString</key>
			<string>20448A781954301A00AC639A</string>
			<key>remoteInfo</key>
			<string>Lingua</string>
		</dict>
		<key>20448A901954301A00AC639A</key>
		<dict>
			<key>isa</key>
			<string>PBXTargetDependency</string>
			<key>target</key>
			<string>20448A781954301A00AC639A</string>
			<key>targetProxy</key>
			<string>20448A8F1954301A00AC639A</string>
		</dict>
		<key>20448A911954301A00AC639A</key>
		<dict>
			<key>children</key>
			<array>
				<string>20448A941954301A00AC639A</string>
				<string>20448A921954301A00AC639A</string>
			</array>
			<key>isa</key>
			<string>PBXGroup</string>
			<key>path</key>
			<string>LinguaTests</string>
			<key>sourceTree</key>
			<string>&lt;group&gt;</string>
		</dict>
		<key>20448A921954301A00AC639A</key>
		<dict>
			<key>children</key>
			<array>
				<string>20448A931954301A00AC639A</string>
			</array>
			<key>isa</key>
			<string>PBXGroup</string>
			<key>name</key>
			<string>Supporting Files</string>
			<key>sourceTree</key>
			<string>&lt;group&gt;</string>
		</dict>
		<key>20448A931954301A00AC639A</key>
		<dict>
			<key>isa</key>
			<string>PBXFileReference</string>
			<key>lastKnownFileType</key>
			<string>text.plist.xml</string>
			<key>path</key>
			<string>Info.plist</string>
			<key>sourceTree</key>
			<string>&lt;group&gt;</string>
		</dict>
		<key>20448A941954301A00AC639A</key>
		<dict>
			<key>isa</key>
			<string>PBXFileReference</string>
			<key>lastKnownFileType</key>
			<string>sourcecode.swift</string>
			<key>path</key>
			<string>LinguaTests.swift</string>
			<key>sourceTree</key>
			<string>&lt;group&gt;</string>
		</dict>
		<key>20448A951954301A00AC639A</key>
		<dict>
			<key>fileRef</key>
			<string>20448A941954301A00AC639A</string>
			<key>isa</key>
			<string>PBXBuildFile</string>
		</dict>
		<key>20448A961954301A00AC639A</key>
		<dict>
			<key>buildSettings</key>
			<dict>
				<key>ALWAYS_SEARCH_USER_PATHS</key>
				<string>NO</string>
				<key>CLANG_CXX_LANGUAGE_STANDARD</key>
				<string>gnu++0x</string>
				<key>CLANG_CXX_LIBRARY</key>
				<string>libc++</string>
				<key>CLANG_ENABLE_MODULES</key>
				<string>YES</string>
				<key>CLANG_ENABLE_OBJC_ARC</key>
				<string>YES</string>
				<key>CLANG_WARN_BOOL_CONVERSION</key>
				<string>YES</string>
				<key>CLANG_WARN_CONSTANT_CONVERSION</key>
				<string>YES</string>
				<key>CLANG_WARN_DIRECT_OBJC_ISA_USAGE</key>
				<string>YES_ERROR</string>
				<key>CLANG_WARN_EMPTY_BODY</key>
				<string>YES</string>
				<key>CLANG_WARN_ENUM_CONVERSION</key>
				<string>YES</string>
				<key>CLANG_WARN_INT_CONVERSION</key>
				<string>YES</string>
				<key>CLANG_WARN_OBJC_ROOT_CLASS</key>
				<string>YES_ERROR</string>
				<key>CLANG_WARN_UNREACHABLE_CODE</key>
				<string>YES</string>
				<key>CLANG_WARN__DUPLICATE_METHOD_MATCH</key>
				<string>YES</string>
				<key>CODE_SIGN_IDENTITY[sdk=iphoneos*]</key>
				<string>iPhone Developer</string>
				<key>COPY_PHASE_STRIP</key>
				<string>NO</string>
				<key>ENABLE_STRICT_OBJC_MSGSEND</key>
				<string>YES</string>
				<key>GCC_C_LANGUAGE_STANDARD</key>
				<string>gnu99</string>
				<key>GCC_DYNAMIC_NO_PIC</key>
				<string>NO</string>
				<key>GCC_OPTIMIZATION_LEVEL</key>
				<string>0</string>
				<key>GCC_PREPROCESSOR_DEFINITIONS</key>
				<array>
					<string>DEBUG=1</string>
					<string>$(inherited)</string>
				</array>
				<key>GCC_SYMBOLS_PRIVATE_EXTERN</key>
				<string>NO</string>
				<key>GCC_WARN_64_TO_32_BIT_CONVERSION</key>
				<string>YES</string>
				<key>GCC_WARN_ABOUT_RETURN_TYPE</key>
				<string>YES_ERROR</string>
				<key>GCC_WARN_UNDECLARED_SELECTOR</key>
				<string>YES</string>
				<key>GCC_WARN_UNINITIALIZED_AUTOS</key>
				<string>YES_AGGRESSIVE</string>
				<key>GCC_WARN_UNUSED_FUNCTION</key>
				<string>YES</string>
				<key>GCC_WARN_UNUSED_VARIABLE</key>
				<string>YES</string>
				<key>IPHONEOS_DEPLOYMENT_TARGET</key>
				<string>7.0</string>
				<key>METAL_ENABLE_DEBUG_INFO</key>
				<string>YES</string>
				<key>ONLY_ACTIVE_ARCH</key>
				<string>YES</string>
				<key>SDKROOT</key>
				<string>iphoneos</string>
				<key>SWIFT_OBJC_BRIDGING_HEADER</key>
				<string></string>
				<key>SWIFT_OPTIMIZATION_LEVEL</key>
				<string>-Onone</string>
			</dict>
			<key>isa</key>
			<string>XCBuildConfiguration</string>
			<key>name</key>
			<string>Debug</string>
		</dict>
		<key>20448A971954301A00AC639A</key>
		<dict>
			<key>buildSettings</key>
			<dict>
				<key>ALWAYS_SEARCH_USER_PATHS</key>
				<string>NO</string>
				<key>CLANG_CXX_LANGUAGE_STANDARD</key>
				<string>gnu++0x</string>
				<key>CLANG_CXX_LIBRARY</key>
				<string>libc++</string>
				<key>CLANG_ENABLE_MODULES</key>
				<string>YES</string>
				<key>CLANG_ENABLE_OBJC_ARC</key>
				<string>YES</string>
				<key>CLANG_WARN_BOOL_CONVERSION</key>
				<string>YES</string>
				<key>CLANG_WARN_CONSTANT_CONVERSION</key>
				<string>YES</string>
				<key>CLANG_WARN_DIRECT_OBJC_ISA_USAGE</key>
				<string>YES_ERROR</string>
				<key>CLANG_WARN_EMPTY_BODY</key>
				<string>YES</string>
				<key>CLANG_WARN_ENUM_CONVERSION</key>
				<string>YES</string>
				<key>CLANG_WARN_INT_CONVERSION</key>
				<string>YES</string>
				<key>CLANG_WARN_OBJC_ROOT_CLASS</key>
				<string>YES_ERROR</string>
				<key>CLANG_WARN_UNREACHABLE_CODE</key>
				<string>YES</string>
				<key>CLANG_WARN__DUPLICATE_METHOD_MATCH</key>
				<string>YES</string>
				<key>CODE_SIGN_IDENTITY[sdk=iphoneos*]</key>
				<string>iPhone Developer</string>
				<key>COPY_PHASE_STRIP</key>
				<string>YES</string>
				<key>ENABLE_NS_ASSERTIONS</key>
				<string>NO</string>
				<key>ENABLE_STRICT_OBJC_MSGSEND</key>
				<string>YES</string>
				<key>GCC_C_LANGUAGE_STANDARD</key>
				<string>gnu99</string>
				<key>GCC_WARN_64_TO_32_BIT_CONVERSION</key>
				<string>YES</string>
				<key>GCC_WARN_ABOUT_RETURN_TYPE</key>
				<string>YES_ERROR</string>
				<key>GCC_WARN_UNDECLARED_SELECTOR</key>
				<string>YES</string>
				<key>GCC_WARN_UNINITIALIZED_AUTOS</key>
				<string>YES_AGGRESSIVE</string>
				<key>GCC_WARN_UNUSED_FUNCTION</key>
				<string>YES</string>
				<key>GCC_WARN_UNUSED_VARIABLE</key>
				<string>YES</string>
				<key>IPHONEOS_DEPLOYMENT_TARGET</key>
				<string>7.0</string>
				<key>METAL_ENABLE_DEBUG_INFO</key>
				<string>NO</string>
				<key>SDKROOT</key>
				<string>iphoneos</string>
				<key>SWIFT_OBJC_BRIDGING_HEADER</key>
				<string></string>
				<key>VALIDATE_PRODUCT</key>
				<string>YES</string>
			</dict>
			<key>isa</key>
			<string>XCBuildConfiguration</string>
			<key>name</key>
			<string>Release</string>
		</dict>
		<key>20448A981954301A00AC639A</key>
		<dict>
			<key>buildConfigurations</key>
			<array>
				<string>20448A991954301A00AC639A</string>
				<string>20448A9A1954301A00AC639A</string>
			</array>
			<key>defaultConfigurationIsVisible</key>
			<string>0</string>
			<key>defaultConfigurationName</key>
			<string>Release</string>
			<key>isa</key>
			<string>XCConfigurationList</string>
		</dict>
		<key>20448A991954301A00AC639A</key>
		<dict>
			<key>baseConfigurationReference</key>
			<string>C8726A87F4DA410EA300A2B5</string>
			<key>buildSettings</key>
			<dict>
				<key>ASSETCATALOG_COMPILER_APPICON_NAME</key>
				<string>AppIcon</string>
				<key>ASSETCATALOG_COMPILER_LAUNCHIMAGE_NAME</key>
				<string>LaunchImage</string>
				<key>DEFINES_MODULE</key>
				<string>NO</string>
				<key>INFOPLIST_FILE</key>
				<string>Lingua/Info.plist</string>
				<key>IPHONEOS_DEPLOYMENT_TARGET</key>
				<string>7.0</string>
				<key>LD_RUNPATH_SEARCH_PATHS</key>
				<string>$(inherited) @executable_path/Frameworks</string>
				<key>LIBRARY_SEARCH_PATHS</key>
				<array>
					<string>$(inherited)</string>
					<string>$(PROJECT_DIR)/Pods/build/Debug-iphoneos</string>
				</array>
				<key>PRODUCT_NAME</key>
				<string>$(TARGET_NAME)</string>
				<key>SWIFT_INSTALL_OBJC_HEADER</key>
				<string>YES</string>
				<key>SWIFT_OBJC_BRIDGING_HEADER</key>
				<string>Lingua/Lingua-Bridging-Header.h</string>
			</dict>
			<key>isa</key>
			<string>XCBuildConfiguration</string>
			<key>name</key>
			<string>Debug</string>
		</dict>
		<key>20448A9A1954301A00AC639A</key>
		<dict>
			<key>baseConfigurationReference</key>
			<string>C8726A87F4DA410EA300A2B5</string>
			<key>buildSettings</key>
			<dict>
				<key>ASSETCATALOG_COMPILER_APPICON_NAME</key>
				<string>AppIcon</string>
				<key>ASSETCATALOG_COMPILER_LAUNCHIMAGE_NAME</key>
				<string>LaunchImage</string>
				<key>DEFINES_MODULE</key>
				<string>NO</string>
				<key>INFOPLIST_FILE</key>
				<string>Lingua/Info.plist</string>
				<key>IPHONEOS_DEPLOYMENT_TARGET</key>
				<string>7.0</string>
				<key>LD_RUNPATH_SEARCH_PATHS</key>
				<string>$(inherited) @executable_path/Frameworks</string>
				<key>LIBRARY_SEARCH_PATHS</key>
				<array>
					<string>$(inherited)</string>
					<string>$(PROJECT_DIR)/Pods/build/Debug-iphoneos</string>
				</array>
				<key>PRODUCT_NAME</key>
				<string>$(TARGET_NAME)</string>
				<key>SWIFT_INSTALL_OBJC_HEADER</key>
				<string>YES</string>
				<key>SWIFT_OBJC_BRIDGING_HEADER</key>
				<string>Lingua/Lingua-Bridging-Header.h</string>
			</dict>
			<key>isa</key>
			<string>XCBuildConfiguration</string>
			<key>name</key>
			<string>Release</string>
		</dict>
		<key>20448A9B1954301A00AC639A</key>
		<dict>
			<key>buildConfigurations</key>
			<array>
				<string>20448A9C1954301A00AC639A</string>
				<string>20448A9D1954301A00AC639A</string>
			</array>
			<key>defaultConfigurationIsVisible</key>
			<string>0</string>
			<key>defaultConfigurationName</key>
			<string>Release</string>
			<key>isa</key>
			<string>XCConfigurationList</string>
		</dict>
		<key>20448A9C1954301A00AC639A</key>
		<dict>
			<key>buildSettings</key>
			<dict>
				<key>BUNDLE_LOADER</key>
				<string>$(BUILT_PRODUCTS_DIR)/Lingua.app/Lingua</string>
				<key>FRAMEWORK_SEARCH_PATHS</key>
				<array>
					<string>$(SDKROOT)/Developer/Library/Frameworks</string>
					<string>$(inherited)</string>
				</array>
				<key>GCC_PREPROCESSOR_DEFINITIONS</key>
				<array>
					<string>DEBUG=1</string>
					<string>$(inherited)</string>
				</array>
				<key>INFOPLIST_FILE</key>
				<string>LinguaTests/Info.plist</string>
				<key>LD_RUNPATH_SEARCH_PATHS</key>
				<string>$(inherited) @executable_path/Frameworks @loader_path/Frameworks</string>
				<key>METAL_ENABLE_DEBUG_INFO</key>
				<string>YES</string>
				<key>PRODUCT_NAME</key>
				<string>$(TARGET_NAME)</string>
				<key>TEST_HOST</key>
				<string>$(BUNDLE_LOADER)</string>
			</dict>
			<key>isa</key>
			<string>XCBuildConfiguration</string>
			<key>name</key>
			<string>Debug</string>
		</dict>
		<key>20448A9D1954301A00AC639A</key>
		<dict>
			<key>buildSettings</key>
			<dict>
				<key>BUNDLE_LOADER</key>
				<string>$(BUILT_PRODUCTS_DIR)/Lingua.app/Lingua</string>
				<key>FRAMEWORK_SEARCH_PATHS</key>
				<array>
					<string>$(SDKROOT)/Developer/Library/Frameworks</string>
					<string>$(inherited)</string>
				</array>
				<key>INFOPLIST_FILE</key>
				<string>LinguaTests/Info.plist</string>
				<key>LD_RUNPATH_SEARCH_PATHS</key>
				<string>$(inherited) @executable_path/Frameworks @loader_path/Frameworks</string>
				<key>METAL_ENABLE_DEBUG_INFO</key>
				<string>NO</string>
				<key>PRODUCT_NAME</key>
				<string>$(TARGET_NAME)</string>
				<key>TEST_HOST</key>
				<string>$(BUNDLE_LOADER)</string>
			</dict>
			<key>isa</key>
			<string>XCBuildConfiguration</string>
			<key>name</key>
			<string>Release</string>
		</dict>
		<key>20473E1D1966D5C200EDF620</key>
		<dict>
			<key>children</key>
			<array>
				<string>20473E1E1966D5C200EDF620</string>
				<string>20473E1F1966D5C200EDF620</string>
			</array>
			<key>isa</key>
			<string>PBXGroup</string>
			<key>path</key>
			<string>SZTextView</string>
			<key>sourceTree</key>
			<string>&lt;group&gt;</string>
		</dict>
		<key>20473E1E1966D5C200EDF620</key>
		<dict>
			<key>fileEncoding</key>
			<string>4</string>
			<key>isa</key>
			<string>PBXFileReference</string>
			<key>lastKnownFileType</key>
			<string>sourcecode.c.h</string>
			<key>path</key>
			<string>SZTextView.h</string>
			<key>sourceTree</key>
			<string>&lt;group&gt;</string>
		</dict>
		<key>20473E1F1966D5C200EDF620</key>
		<dict>
			<key>fileEncoding</key>
			<string>4</string>
			<key>isa</key>
			<string>PBXFileReference</string>
			<key>lastKnownFileType</key>
			<string>sourcecode.c.objc</string>
			<key>path</key>
			<string>SZTextView.m</string>
			<key>sourceTree</key>
			<string>&lt;group&gt;</string>
		</dict>
		<key>20473E201966D5C200EDF620</key>
		<dict>
			<key>fileRef</key>
			<string>20473E1F1966D5C200EDF620</string>
			<key>isa</key>
			<string>PBXBuildFile</string>
		</dict>
		<key>207630AE195ABE8400D23B2A</key>
		<dict>
			<key>children</key>
			<array>
				<string>207630AF195ABFA600D23B2A</string>
				<string>207630B0195ABFA600D23B2A</string>
				<string>207630B1195ABFA600D23B2A</string>
				<string>207630B2195ABFA600D23B2A</string>
			</array>
			<key>isa</key>
			<string>PBXGroup</string>
			<key>path</key>
			<string>Fonts</string>
			<key>sourceTree</key>
			<string>&lt;group&gt;</string>
		</dict>
		<key>207630AF195ABFA600D23B2A</key>
		<dict>
			<key>isa</key>
			<string>PBXFileReference</string>
			<key>lastKnownFileType</key>
			<string>file</string>
			<key>path</key>
			<string>RobotoSlab-Bold.ttf</string>
			<key>sourceTree</key>
			<string>&lt;group&gt;</string>
		</dict>
		<key>207630B0195ABFA600D23B2A</key>
		<dict>
			<key>isa</key>
			<string>PBXFileReference</string>
			<key>lastKnownFileType</key>
			<string>file</string>
			<key>path</key>
			<string>RobotoSlab-Light.ttf</string>
			<key>sourceTree</key>
			<string>&lt;group&gt;</string>
		</dict>
		<key>207630B1195ABFA600D23B2A</key>
		<dict>
			<key>isa</key>
			<string>PBXFileReference</string>
			<key>lastKnownFileType</key>
			<string>file</string>
			<key>path</key>
			<string>RobotoSlab-Regular.ttf</string>
			<key>sourceTree</key>
			<string>&lt;group&gt;</string>
		</dict>
		<key>207630B2195ABFA600D23B2A</key>
		<dict>
			<key>isa</key>
			<string>PBXFileReference</string>
			<key>lastKnownFileType</key>
			<string>file</string>
			<key>path</key>
			<string>RobotoSlab-Thin.ttf</string>
			<key>sourceTree</key>
			<string>&lt;group&gt;</string>
		</dict>
		<key>207630B3195ABFA600D23B2A</key>
		<dict>
			<key>fileRef</key>
			<string>207630AF195ABFA600D23B2A</string>
			<key>isa</key>
			<string>PBXBuildFile</string>
		</dict>
		<key>207630B4195ABFA600D23B2A</key>
		<dict>
			<key>fileRef</key>
			<string>207630B0195ABFA600D23B2A</string>
			<key>isa</key>
			<string>PBXBuildFile</string>
		</dict>
		<key>207630B5195ABFA600D23B2A</key>
		<dict>
			<key>fileRef</key>
			<string>207630B1195ABFA600D23B2A</string>
			<key>isa</key>
			<string>PBXBuildFile</string>
		</dict>
		<key>207630B6195ABFA600D23B2A</key>
		<dict>
			<key>fileRef</key>
			<string>207630B2195ABFA600D23B2A</string>
			<key>isa</key>
			<string>PBXBuildFile</string>
		</dict>
		<key>207630B7195AC17700D23B2A</key>
		<dict>
			<key>children</key>
			<array>
				<string>207630B8195AC19800D23B2A</string>
				<string>201F2B3C195AF1E100E0C17A</string>
				<string>9267833D196561D800F19DB4</string>
			</array>
			<key>isa</key>
			<string>PBXGroup</string>
			<key>path</key>
			<string>Extensions</string>
			<key>sourceTree</key>
			<string>&lt;group&gt;</string>
		</dict>
		<key>207630B8195AC19800D23B2A</key>
		<dict>
			<key>fileEncoding</key>
			<string>4</string>
			<key>isa</key>
			<string>PBXFileReference</string>
			<key>lastKnownFileType</key>
			<string>sourcecode.swift</string>
			<key>path</key>
			<string>UIFont-Extensions.swift</string>
			<key>sourceTree</key>
			<string>&lt;group&gt;</string>
		</dict>
		<key>207630B9195AC19800D23B2A</key>
		<dict>
			<key>fileRef</key>
			<string>207630B8195AC19800D23B2A</string>
			<key>isa</key>
			<string>PBXBuildFile</string>
		</dict>
		<key>2078D969196C1769009BF095</key>
		<dict>
			<key>fileRef</key>
			<string>9267833919655D4500F19DB4</string>
			<key>isa</key>
			<string>PBXBuildFile</string>
		</dict>
		<key>2078D96A196C180C009BF095</key>
		<dict>
			<key>fileRef</key>
			<string>2082DEF219575A55009ADF45</string>
			<key>isa</key>
			<string>PBXBuildFile</string>
		</dict>
		<key>2082DEEE1957123E009ADF45</key>
		<dict>
			<key>fileEncoding</key>
			<string>4</string>
			<key>isa</key>
			<string>PBXFileReference</string>
			<key>lastKnownFileType</key>
			<string>sourcecode.swift</string>
			<key>path</key>
			<string>LINLanguagePickingHeaderView.swift</string>
			<key>sourceTree</key>
			<string>&lt;group&gt;</string>
		</dict>
		<key>2082DEEF1957123E009ADF45</key>
		<dict>
			<key>fileRef</key>
			<string>2082DEEE1957123E009ADF45</string>
			<key>isa</key>
			<string>PBXBuildFile</string>
		</dict>
		<key>2082DEF01957127F009ADF45</key>
		<dict>
			<key>fileEncoding</key>
			<string>4</string>
			<key>isa</key>
			<string>PBXFileReference</string>
			<key>lastKnownFileType</key>
			<string>file.xib</string>
			<key>path</key>
			<string>LINLanguagePickingHeaderView.xib</string>
			<key>sourceTree</key>
			<string>&lt;group&gt;</string>
		</dict>
		<key>2082DEF11957127F009ADF45</key>
		<dict>
			<key>fileRef</key>
			<string>2082DEF01957127F009ADF45</string>
			<key>isa</key>
			<string>PBXBuildFile</string>
		</dict>
		<key>2082DEF219575A55009ADF45</key>
		<dict>
			<key>fileEncoding</key>
			<string>4</string>
			<key>isa</key>
			<string>PBXFileReference</string>
			<key>lastKnownFileType</key>
			<string>sourcecode.swift</string>
			<key>path</key>
			<string>LINPickNativeViewController.swift</string>
			<key>sourceTree</key>
			<string>&lt;group&gt;</string>
		</dict>
		<key>2082DEF4195762E8009ADF45</key>
		<dict>
			<key>fileEncoding</key>
			<string>4</string>
			<key>isa</key>
			<string>PBXFileReference</string>
			<key>lastKnownFileType</key>
			<string>sourcecode.swift</string>
			<key>path</key>
			<string>LINHomeViewController.swift</string>
			<key>sourceTree</key>
			<string>&lt;group&gt;</string>
		</dict>
		<key>2082DEF5195762E8009ADF45</key>
		<dict>
			<key>fileRef</key>
			<string>2082DEF4195762E8009ADF45</string>
			<key>isa</key>
			<string>PBXBuildFile</string>
		</dict>
		<key>2089A57D196C01C0001E5FB7</key>
		<dict>
			<key>isa</key>
			<string>PBXFileReference</string>
			<key>lastKnownFileType</key>
			<string>sourcecode.c.h</string>
			<key>path</key>
			<string>Lingua-Bridging-Header.h</string>
			<key>sourceTree</key>
			<string>&lt;group&gt;</string>
		</dict>
		<key>20BF3FA81957EAAA00963B1F</key>
		<dict>
			<key>fileEncoding</key>
			<string>4</string>
			<key>isa</key>
			<string>PBXFileReference</string>
			<key>lastKnownFileType</key>
			<string>sourcecode.swift</string>
			<key>path</key>
			<string>LINMyProfileViewController.swift</string>
			<key>sourceTree</key>
			<string>&lt;group&gt;</string>
		</dict>
		<key>20BF3FA91957EAAA00963B1F</key>
		<dict>
			<key>fileRef</key>
			<string>20BF3FA81957EAAA00963B1F</string>
			<key>isa</key>
			<string>PBXBuildFile</string>
		</dict>
		<key>20BF3FAA1957ECA700963B1F</key>
		<dict>
			<key>fileEncoding</key>
			<string>4</string>
			<key>isa</key>
			<string>PBXFileReference</string>
			<key>lastKnownFileType</key>
			<string>sourcecode.swift</string>
			<key>path</key>
			<string>LINFriendListViewController.swift</string>
			<key>sourceTree</key>
			<string>&lt;group&gt;</string>
		</dict>
		<key>20BF3FAB1957ECA700963B1F</key>
		<dict>
			<key>fileRef</key>
			<string>20BF3FAA1957ECA700963B1F</string>
			<key>isa</key>
			<string>PBXBuildFile</string>
		</dict>
		<key>20BFCCEA1956E1C400A86C2E</key>
		<dict>
			<key>fileEncoding</key>
			<string>4</string>
			<key>isa</key>
			<string>PBXFileReference</string>
			<key>lastKnownFileType</key>
			<string>sourcecode.swift</string>
			<key>path</key>
			<string>LINPickLearningViewController.swift</string>
			<key>sourceTree</key>
			<string>&lt;group&gt;</string>
		</dict>
		<key>20BFCCEB1956E1C400A86C2E</key>
		<dict>
			<key>fileRef</key>
			<string>20BFCCEA1956E1C400A86C2E</string>
			<key>isa</key>
			<string>PBXBuildFile</string>
		</dict>
		<key>20D4849F1956D350007B4E96</key>
		<dict>
			<key>children</key>
			<array>
				<string>20D484A01956D350007B4E96</string>
				<string>20D484A11956D350007B4E96</string>
				<string>2082DEEE1957123E009ADF45</string>
				<string>2082DEF01957127F009ADF45</string>
				<string>201323A519683F70004B884D</string>
			</array>
			<key>isa</key>
			<string>PBXGroup</string>
			<key>path</key>
			<string>Views</string>
			<key>sourceTree</key>
			<string>&lt;group&gt;</string>
		</dict>
		<key>20D484A01956D350007B4E96</key>
		<dict>
			<key>fileEncoding</key>
			<string>4</string>
			<key>isa</key>
			<string>PBXFileReference</string>
			<key>lastKnownFileType</key>
			<string>sourcecode.swift</string>
			<key>path</key>
			<string>LINLoginView.swift</string>
			<key>sourceTree</key>
			<string>&lt;group&gt;</string>
		</dict>
		<key>20D484A11956D350007B4E96</key>
		<dict>
			<key>fileEncoding</key>
			<string>4</string>
			<key>isa</key>
			<string>PBXFileReference</string>
			<key>lastKnownFileType</key>
			<string>file.xib</string>
			<key>path</key>
			<string>LINLoginView.xib</string>
			<key>sourceTree</key>
			<string>&lt;group&gt;</string>
		</dict>
		<key>20D484A21956D350007B4E96</key>
		<dict>
			<key>fileRef</key>
			<string>20D484A01956D350007B4E96</string>
			<key>isa</key>
			<string>PBXBuildFile</string>
		</dict>
		<key>20D484A31956D350007B4E96</key>
		<dict>
			<key>fileRef</key>
			<string>20D484A11956D350007B4E96</string>
			<key>isa</key>
			<string>PBXBuildFile</string>
		</dict>
		<key>20D484A41956D35D007B4E96</key>
		<dict>
			<key>children</key>
			<array>
				<string>2043DFD5196550D8005905B9</string>
				<string>20D484A51956D35D007B4E96</string>
				<string>20BFCCEA1956E1C400A86C2E</string>
				<string>2082DEF219575A55009ADF45</string>
				<string>2082DEF4195762E8009ADF45</string>
				<string>20BF3FA81957EAAA00963B1F</string>
				<string>20BF3FAA1957ECA700963B1F</string>
			</array>
			<key>isa</key>
			<string>PBXGroup</string>
			<key>path</key>
			<string>Controllers</string>
			<key>sourceTree</key>
			<string>&lt;group&gt;</string>
		</dict>
		<key>20D484A51956D35D007B4E96</key>
		<dict>
			<key>fileEncoding</key>
			<string>4</string>
			<key>isa</key>
			<string>PBXFileReference</string>
			<key>lastKnownFileType</key>
			<string>sourcecode.swift</string>
			<key>path</key>
			<string>LINOnboardingViewController.swift</string>
			<key>sourceTree</key>
			<string>&lt;group&gt;</string>
		</dict>
		<key>20D484A61956D35D007B4E96</key>
		<dict>
			<key>fileRef</key>
			<string>20D484A51956D35D007B4E96</string>
			<key>isa</key>
			<string>PBXBuildFile</string>
		</dict>
		<key>20D484A81956D36D007B4E96</key>
		<dict>
			<key>children</key>
			<array>
				<string>20473E1D1966D5C200EDF620</string>
			</array>
			<key>isa</key>
			<string>PBXGroup</string>
			<key>path</key>
			<string>Vendors</string>
			<key>sourceTree</key>
			<string>&lt;group&gt;</string>
		</dict>
		<key>33BE4F188CF5419981EE8062</key>
		<dict>
			<key>buildActionMask</key>
			<string>2147483647</string>
			<key>files</key>
			<array/>
			<key>inputPaths</key>
			<array/>
			<key>isa</key>
			<string>PBXShellScriptBuildPhase</string>
			<key>name</key>
			<string>Check Pods Manifest.lock</string>
			<key>outputPaths</key>
			<array/>
			<key>runOnlyForDeploymentPostprocessing</key>
			<string>0</string>
			<key>shellPath</key>
			<string>/bin/sh</string>
			<key>shellScript</key>
			<string>diff "${PODS_ROOT}/../Podfile.lock" "${PODS_ROOT}/Manifest.lock" &gt; /dev/null
if [[ $? != 0 ]] ; then
    cat &lt;&lt; EOM
error: The sandbox is not in sync with the Podfile.lock. Run 'pod install' or update your CocoaPods installation.
EOM
    exit 1
fi
</string>
			<key>showEnvVarsInLog</key>
			<string>0</string>
		</dict>
		<key>3539D820182145359C2B8DA9</key>
		<dict>
			<key>fileRef</key>
			<string>81D3DA7628DD45F7938E71F3</string>
			<key>isa</key>
			<string>PBXBuildFile</string>
		</dict>
		<key>81D3DA7628DD45F7938E71F3</key>
		<dict>
			<key>explicitFileType</key>
			<string>archive.ar</string>
			<key>includeInIndex</key>
			<string>0</string>
			<key>isa</key>
			<string>PBXFileReference</string>
			<key>path</key>
			<string>libPods.a</string>
			<key>sourceTree</key>
			<string>BUILT_PRODUCTS_DIR</string>
		</dict>
		<key>9267833919655D4500F19DB4</key>
		<dict>
			<key>fileEncoding</key>
			<string>4</string>
			<key>isa</key>
			<string>PBXFileReference</string>
			<key>lastKnownFileType</key>
			<string>sourcecode.swift</string>
			<key>path</key>
			<string>LINUserManager.swift</string>
			<key>sourceTree</key>
			<string>&lt;group&gt;</string>
		</dict>
		<key>9267833D196561D800F19DB4</key>
		<dict>
			<key>fileEncoding</key>
			<string>4</string>
			<key>isa</key>
			<string>PBXFileReference</string>
			<key>lastKnownFileType</key>
			<string>sourcecode.swift</string>
			<key>path</key>
			<string>NSArray-Extensions.swift</string>
			<key>sourceTree</key>
			<string>&lt;group&gt;</string>
		</dict>
		<key>9267833E196561D800F19DB4</key>
		<dict>
			<key>fileRef</key>
			<string>9267833D196561D800F19DB4</string>
			<key>isa</key>
			<string>PBXBuildFile</string>
		</dict>
		<key>9268DFB91969CEFC00C89603</key>
		<dict>
			<key>children</key>
			<array>
				<string>9268DFBA1969CEFC00C89603</string>
			</array>
			<key>isa</key>
			<string>PBXGroup</string>
			<key>path</key>
			<string>Models</string>
			<key>sourceTree</key>
			<string>&lt;group&gt;</string>
		</dict>
		<key>9268DFBA1969CEFC00C89603</key>
		<dict>
			<key>fileEncoding</key>
			<string>4</string>
			<key>isa</key>
			<string>PBXFileReference</string>
			<key>lastKnownFileType</key>
			<string>sourcecode.swift</string>
			<key>path</key>
			<string>LINUser.swift</string>
			<key>sourceTree</key>
			<string>&lt;group&gt;</string>
		</dict>
		<key>9268DFBB1969CEFC00C89603</key>
		<dict>
			<key>fileRef</key>
			<string>9268DFBA1969CEFC00C89603</string>
			<key>isa</key>
			<string>PBXBuildFile</string>
		</dict>
		<key>929F38AB196C7C0F009A7E6A</key>
		<dict>
			<key>isa</key>
			<string>PBXFileReference</string>
			<key>lastKnownFileType</key>
			<string>archive.ar</string>
			<key>name</key>
			<string>libPods-libPusher.a</string>
			<key>path</key>
			<string>Pods/build/Debug-iphoneos/libPods-libPusher.a</string>
			<key>sourceTree</key>
			<string>&lt;group&gt;</string>
		</dict>
		<key>92F3167E1962AB45002005B9</key>
		<dict>
			<key>children</key>
			<array>
				<string>92F3167F1962AB75002005B9</string>
				<string>9267833919655D4500F19DB4</string>
			</array>
			<key>isa</key>
			<string>PBXGroup</string>
			<key>path</key>
			<string>Managers</string>
			<key>sourceTree</key>
			<string>&lt;group&gt;</string>
		</dict>
		<key>92F3167F1962AB75002005B9</key>
		<dict>
			<key>fileEncoding</key>
			<string>4</string>
			<key>isa</key>
			<string>PBXFileReference</string>
			<key>lastKnownFileType</key>
			<string>sourcecode.swift</string>
			<key>path</key>
			<string>PusherManager.swift</string>
			<key>sourceTree</key>
			<string>&lt;group&gt;</string>
		</dict>
		<key>92F316801962AB75002005B9</key>
		<dict>
			<key>fileRef</key>
			<string>92F3167F1962AB75002005B9</string>
			<key>isa</key>
			<string>PBXBuildFile</string>
		</dict>
		<key>C8726A87F4DA410EA300A2B5</key>
		<dict>
			<key>includeInIndex</key>
			<string>1</string>
			<key>isa</key>
			<string>PBXFileReference</string>
			<key>lastKnownFileType</key>
			<string>text.xcconfig</string>
			<key>name</key>
			<string>Pods.xcconfig</string>
			<key>path</key>
			<string>Pods/Pods.xcconfig</string>
			<key>sourceTree</key>
			<string>&lt;group&gt;</string>
		</dict>
		<key>CFFA1F0014D9434085221D84</key>
		<dict>
			<key>children</key>
			<array>
				<string>929F38AB196C7C0F009A7E6A</string>
				<string>E5B35F1B8D924BC3AAC02042</string>
				<string>81D3DA7628DD45F7938E71F3</string>
			</array>
			<key>isa</key>
			<string>PBXGroup</string>
			<key>name</key>
			<string>Frameworks</string>
			<key>sourceTree</key>
			<string>&lt;group&gt;</string>
		</dict>
		<key>E5B35F1B8D924BC3AAC02042</key>
		<dict>
			<key>explicitFileType</key>
			<string>archive.ar</string>
			<key>includeInIndex</key>
			<string>0</string>
			<key>isa</key>
			<string>PBXFileReference</string>
			<key>path</key>
			<string>libPods-Lingua.a</string>
			<key>sourceTree</key>
			<string>BUILT_PRODUCTS_DIR</string>
		</dict>
		<key>F222C8697D69443ABC3CB4E6</key>
		<dict>
			<key>buildActionMask</key>
			<string>2147483647</string>
			<key>files</key>
			<array/>
			<key>inputPaths</key>
			<array/>
			<key>isa</key>
			<string>PBXShellScriptBuildPhase</string>
			<key>name</key>
			<string>Copy Pods Resources</string>
			<key>outputPaths</key>
			<array/>
			<key>runOnlyForDeploymentPostprocessing</key>
			<string>0</string>
			<key>shellPath</key>
			<string>/bin/sh</string>
			<key>shellScript</key>
			<string>"${SRCROOT}/Pods/Pods-resources.sh"
</string>
			<key>showEnvVarsInLog</key>
			<string>0</string>
		</dict>
	</dict>
	<key>rootObject</key>
	<string>20448A711954301A00AC639A</string>
</dict>
</plist>
